{
  "requires": true,
  "lockfileVersion": 1,
  "dependencies": {
    "automerge": {
      "version": "0.14.1",
      "resolved": "https://registry.npmjs.org/automerge/-/automerge-0.14.1.tgz",
      "integrity": "sha512-9UtszKSqxVxXesbHxS6Wv7fPjmImawIlHzKs0O1DC5zcS4cMHB5eDeP6D/rVh5z4nMLfYSWSl2UufR7cvN3JnQ==",
      "requires": {
        "immutable": "^3.8.2",
        "transit-immutable-js": "^0.7.0",
        "transit-js": "^0.8.861",
        "uuid": "^3.4.0"
      }
    },
    "immutable": {
      "version": "3.8.2",
      "resolved": "https://registry.npmjs.org/immutable/-/immutable-3.8.2.tgz",
      "integrity": "sha1-wkOZUUVbs5kT2vKBN28VMOEErfM="
    },
    "transit-immutable-js": {
      "version": "0.7.0",
      "resolved": "https://registry.npmjs.org/transit-immutable-js/-/transit-immutable-js-0.7.0.tgz",
      "integrity": "sha1-mT4lCJtjEf9AIUD1VidtbSUwBdk="
    },
    "transit-js": {
      "version": "0.8.867",
      "resolved": "https://registry.npmjs.org/transit-js/-/transit-js-0.8.867.tgz",
      "integrity": "sha512-rOwB4K0z/WZ+E2bV42iN9UV3mvGzmwSv/IpMOKdnFpawPAZT0d1L7f91Y+tZQF7lXSDGk+oln4XyIQXo+pyTGA=="
    },
    "uuid": {
      "version": "3.4.0",
      "resolved": "https://registry.npmjs.org/uuid/-/uuid-3.4.0.tgz",
      "integrity": "sha512-HjSDRw6gZE5JMggctHBcjVak08+KEVhSIiDzFnT9S9aegmp85S/bReBVTb4QTFaRNptJ9kuYaNhnbNEOkbKb/A=="
    }
  }
}
