// !$*UTF8*$!
{
	archiveVersion = 1;
	classes = {
	};
	objectVersion = 50;
	objects = {

/* Begin PBXBuildFile section */
		507A04372199DDCA00117D8C /* AppDelegate.swift in Sources */ = {isa = PBXBuildFile; fileRef = 507A04362199DDCA00117D8C /* AppDelegate.swift */; };
		507A04392199DDCA00117D8C /* ViewController.swift in Sources */ = {isa = PBXBuildFile; fileRef = 507A04382199DDCA00117D8C /* ViewController.swift */; };
		507A043E2199DDCC00117D8C /* Assets.xcassets in Resources */ = {isa = PBXBuildFile; fileRef = 507A043D2199DDCC00117D8C /* Assets.xcassets */; };
		507A04412199DDCC00117D8C /* LaunchScreen.storyboard in Resources */ = {isa = PBXBuildFile; fileRef = 507A043F2199DDCC00117D8C /* LaunchScreen.storyboard */; };
		507A04572199DDCC00117D8C /* DeepLinkTutorialUITests.swift in Sources */ = {isa = PBXBuildFile; fileRef = 507A04562199DDCC00117D8C /* DeepLinkTutorialUITests.swift */; };
		507A04652199E09100117D8C /* Main.storyboard in Resources */ = {isa = PBXBuildFile; fileRef = 507A04642199E09100117D8C /* Main.storyboard */; };
		507A04A12199E5EE00117D8C /* DeepLinkManager.swift in Sources */ = {isa = PBXBuildFile; fileRef = 507A04A02199E5EE00117D8C /* DeepLinkManager.swift */; };
		507A04DD219A17A800117D8C /* DeepLinkUrlParser.swift in Sources */ = {isa = PBXBuildFile; fileRef = 507A04DC219A17A800117D8C /* DeepLinkUrlParser.swift */; };
		507A04DF219A17EB00117D8C /* DeepLinkNavigator.swift in Sources */ = {isa = PBXBuildFile; fileRef = 507A04DE219A17EB00117D8C /* DeepLinkNavigator.swift */; };
		507A04E1219A219D00117D8C /* DeepLinkManagerTests.swift in Sources */ = {isa = PBXBuildFile; fileRef = 507A04E0219A219D00117D8C /* DeepLinkManagerTests.swift */; };
/* End PBXBuildFile section */

/* Begin PBXContainerItemProxy section */
		507A04482199DDCC00117D8C /* PBXContainerItemProxy */ = {
			isa = PBXContainerItemProxy;
			containerPortal = 507A042B2199DDCA00117D8C /* Project object */;
			proxyType = 1;
			remoteGlobalIDString = 507A04322199DDCA00117D8C;
			remoteInfo = DeepLinkTutorial;
		};
		507A04532199DDCC00117D8C /* PBXContainerItemProxy */ = {
			isa = PBXContainerItemProxy;
			containerPortal = 507A042B2199DDCA00117D8C /* Project object */;
			proxyType = 1;
			remoteGlobalIDString = 507A04322199DDCA00117D8C;
			remoteInfo = DeepLinkTutorial;
		};
/* End PBXContainerItemProxy section */

/* Begin PBXFileReference section */
		507A04332199DDCA00117D8C /* DeepLinkTutorial.app */ = {isa = PBXFileReference; explicitFileType = wrapper.application; includeInIndex = 0; path = DeepLinkTutorial.app; sourceTree = BUILT_PRODUCTS_DIR; };
		507A04362199DDCA00117D8C /* AppDelegate.swift */ = {isa = PBXFileReference; lastKnownFileType = sourcecode.swift; path = AppDelegate.swift; sourceTree = "<group>"; };
		507A04382199DDCA00117D8C /* ViewController.swift */ = {isa = PBXFileReference; lastKnownFileType = sourcecode.swift; path = ViewController.swift; sourceTree = "<group>"; };
		507A043D2199DDCC00117D8C /* Assets.xcassets */ = {isa = PBXFileReference; lastKnownFileType = folder.assetcatalog; path = Assets.xcassets; sourceTree = "<group>"; };
		507A04402199DDCC00117D8C /* Base */ = {isa = PBXFileReference; lastKnownFileType = file.storyboard; name = Base; path = Base.lproj/LaunchScreen.storyboard; sourceTree = "<group>"; };
		507A04422199DDCC00117D8C /* Info.plist */ = {isa = PBXFileReference; lastKnownFileType = text.plist.xml; path = Info.plist; sourceTree = "<group>"; };
		507A04472199DDCC00117D8C /* DeepLinkTutorialTests.xctest */ = {isa = PBXFileReference; explicitFileType = wrapper.cfbundle; includeInIndex = 0; path = DeepLinkTutorialTests.xctest; sourceTree = BUILT_PRODUCTS_DIR; };
		507A044D2199DDCC00117D8C /* Info.plist */ = {isa = PBXFileReference; lastKnownFileType = text.plist.xml; path = Info.plist; sourceTree = "<group>"; };
		507A04522199DDCC00117D8C /* DeepLinkTutorialUITests.xctest */ = {isa = PBXFileReference; explicitFileType = wrapper.cfbundle; includeInIndex = 0; path = DeepLinkTutorialUITests.xctest; sourceTree = BUILT_PRODUCTS_DIR; };
		507A04562199DDCC00117D8C /* DeepLinkTutorialUITests.swift */ = {isa = PBXFileReference; lastKnownFileType = sourcecode.swift; path = DeepLinkTutorialUITests.swift; sourceTree = "<group>"; };
		507A04582199DDCC00117D8C /* Info.plist */ = {isa = PBXFileReference; lastKnownFileType = text.plist.xml; path = Info.plist; sourceTree = "<group>"; };
		507A04642199E09100117D8C /* Main.storyboard */ = {isa = PBXFileReference; lastKnownFileType = file.storyboard; path = Main.storyboard; sourceTree = "<group>"; };
		507A04A02199E5EE00117D8C /* DeepLinkManager.swift */ = {isa = PBXFileReference; lastKnownFileType = sourcecode.swift; path = DeepLinkManager.swift; sourceTree = "<group>"; };
		507A04DC219A17A800117D8C /* DeepLinkUrlParser.swift */ = {isa = PBXFileReference; lastKnownFileType = sourcecode.swift; path = DeepLinkUrlParser.swift; sourceTree = "<group>"; };
		507A04DE219A17EB00117D8C /* DeepLinkNavigator.swift */ = {isa = PBXFileReference; lastKnownFileType = sourcecode.swift; path = DeepLinkNavigator.swift; sourceTree = "<group>"; };
		507A04E0219A219D00117D8C /* DeepLinkManagerTests.swift */ = {isa = PBXFileReference; lastKnownFileType = sourcecode.swift; path = DeepLinkManagerTests.swift; sourceTree = "<group>"; };
/* End PBXFileReference section */

/* Begin PBXFrameworksBuildPhase section */
		507A04302199DDCA00117D8C /* Frameworks */ = {
			isa = PBXFrameworksBuildPhase;
			buildActionMask = 2147483647;
			files = (
			);
			runOnlyForDeploymentPostprocessing = 0;
		};
		507A04442199DDCC00117D8C /* Frameworks */ = {
			isa = PBXFrameworksBuildPhase;
			buildActionMask = 2147483647;
			files = (
			);
			runOnlyForDeploymentPostprocessing = 0;
		};
		507A044F2199DDCC00117D8C /* Frameworks */ = {
			isa = PBXFrameworksBuildPhase;
			buildActionMask = 2147483647;
			files = (
			);
			runOnlyForDeploymentPostprocessing = 0;
		};
/* End PBXFrameworksBuildPhase section */

/* Begin PBXGroup section */
		507A042A2199DDCA00117D8C = {
			isa = PBXGroup;
			children = (
				507A04352199DDCA00117D8C /* DeepLinkTutorial */,
				507A044A2199DDCC00117D8C /* DeepLinkTutorialTests */,
				507A04552199DDCC00117D8C /* DeepLinkTutorialUITests */,
				507A04342199DDCA00117D8C /* Products */,
			);
			sourceTree = "<group>";
		};
		507A04342199DDCA00117D8C /* Products */ = {
			isa = PBXGroup;
			children = (
				507A04332199DDCA00117D8C /* DeepLinkTutorial.app */,
				507A04472199DDCC00117D8C /* DeepLinkTutorialTests.xctest */,
				507A04522199DDCC00117D8C /* DeepLinkTutorialUITests.xctest */,
			);
			name = Products;
			sourceTree = "<group>";
		};
		507A04352199DDCA00117D8C /* DeepLinkTutorial */ = {
			isa = PBXGroup;
			children = (
				507A04362199DDCA00117D8C /* AppDelegate.swift */,
				507A04382199DDCA00117D8C /* ViewController.swift */,
				507A04A02199E5EE00117D8C /* DeepLinkManager.swift */,
				507A04DE219A17EB00117D8C /* DeepLinkNavigator.swift */,
				507A04DC219A17A800117D8C /* DeepLinkUrlParser.swift */,
				507A043D2199DDCC00117D8C /* Assets.xcassets */,
				507A04642199E09100117D8C /* Main.storyboard */,
				507A043F2199DDCC00117D8C /* LaunchScreen.storyboard */,
				507A04422199DDCC00117D8C /* Info.plist */,
			);
			path = DeepLinkTutorial;
			sourceTree = "<group>";
		};
		507A044A2199DDCC00117D8C /* DeepLinkTutorialTests */ = {
			isa = PBXGroup;
			children = (
				507A04E0219A219D00117D8C /* DeepLinkManagerTests.swift */,
				507A044D2199DDCC00117D8C /* Info.plist */,
			);
			path = DeepLinkTutorialTests;
			sourceTree = "<group>";
		};
		507A04552199DDCC00117D8C /* DeepLinkTutorialUITests */ = {
			isa = PBXGroup;
			children = (
				507A04562199DDCC00117D8C /* DeepLinkTutorialUITests.swift */,
				507A04582199DDCC00117D8C /* Info.plist */,
			);
			path = DeepLinkTutorialUITests;
			sourceTree = "<group>";
		};
/* End PBXGroup section */

/* Begin PBXNativeTarget section */
		507A04322199DDCA00117D8C /* DeepLinkTutorial */ = {
			isa = PBXNativeTarget;
			buildConfigurationList = 507A045B2199DDCC00117D8C /* Build configuration list for PBXNativeTarget "DeepLinkTutorial" */;
			buildPhases = (
				507A042F2199DDCA00117D8C /* Sources */,
				507A04302199DDCA00117D8C /* Frameworks */,
				507A04312199DDCA00117D8C /* Resources */,
			);
			buildRules = (
			);
			dependencies = (
			);
			name = DeepLinkTutorial;
			productName = DeepLinkTutorial;
			productReference = 507A04332199DDCA00117D8C /* DeepLinkTutorial.app */;
			productType = "com.apple.product-type.application";
		};
		507A04462199DDCC00117D8C /* DeepLinkTutorialTests */ = {
			isa = PBXNativeTarget;
			buildConfigurationList = 507A045E2199DDCC00117D8C /* Build configuration list for PBXNativeTarget "DeepLinkTutorialTests" */;
			buildPhases = (
				507A04432199DDCC00117D8C /* Sources */,
				507A04442199DDCC00117D8C /* Frameworks */,
				507A04452199DDCC00117D8C /* Resources */,
			);
			buildRules = (
			);
			dependencies = (
				507A04492199DDCC00117D8C /* PBXTargetDependency */,
			);
			name = DeepLinkTutorialTests;
			productName = DeepLinkTutorialTests;
			productReference = 507A04472199DDCC00117D8C /* DeepLinkTutorialTests.xctest */;
			productType = "com.apple.product-type.bundle.unit-test";
		};
		507A04512199DDCC00117D8C /* DeepLinkTutorialUITests */ = {
			isa = PBXNativeTarget;
			buildConfigurationList = 507A04612199DDCC00117D8C /* Build configuration list for PBXNativeTarget "DeepLinkTutorialUITests" */;
			buildPhases = (
				507A044E2199DDCC00117D8C /* Sources */,
				507A044F2199DDCC00117D8C /* Frameworks */,
				507A04502199DDCC00117D8C /* Resources */,
			);
			buildRules = (
			);
			dependencies = (
				507A04542199DDCC00117D8C /* PBXTargetDependency */,
			);
			name = DeepLinkTutorialUITests;
			productName = DeepLinkTutorialUITests;
			productReference = 507A04522199DDCC00117D8C /* DeepLinkTutorialUITests.xctest */;
			productType = "com.apple.product-type.bundle.ui-testing";
		};
/* End PBXNativeTarget section */

/* Begin PBXProject section */
		507A042B2199DDCA00117D8C /* Project object */ = {
			isa = PBXProject;
			attributes = {
				LastSwiftUpdateCheck = 1010;
				LastUpgradeCheck = 1010;
				ORGANIZATIONNAME = Chiramattel;
				TargetAttributes = {
					507A04322199DDCA00117D8C = {
						CreatedOnToolsVersion = 10.1;
					};
					507A04462199DDCC00117D8C = {
						CreatedOnToolsVersion = 10.1;
						TestTargetID = 507A04322199DDCA00117D8C;
					};
					507A04512199DDCC00117D8C = {
						CreatedOnToolsVersion = 10.1;
						TestTargetID = 507A04322199DDCA00117D8C;
					};
				};
			};
			buildConfigurationList = 507A042E2199DDCA00117D8C /* Build configuration list for PBXProject "DeepLinkTutorial" */;
			compatibilityVersion = "Xcode 9.3";
			developmentRegion = en;
			hasScannedForEncodings = 0;
			knownRegions = (
				en,
				Base,
			);
			mainGroup = 507A042A2199DDCA00117D8C;
			productRefGroup = 507A04342199DDCA00117D8C /* Products */;
			projectDirPath = "";
			projectRoot = "";
			targets = (
				507A04322199DDCA00117D8C /* DeepLinkTutorial */,
				507A04462199DDCC00117D8C /* DeepLinkTutorialTests */,
				507A04512199DDCC00117D8C /* DeepLinkTutorialUITests */,
			);
		};
/* End PBXProject section */

/* Begin PBXResourcesBuildPhase section */
		507A04312199DDCA00117D8C /* Resources */ = {
			isa = PBXResourcesBuildPhase;
			buildActionMask = 2147483647;
			files = (
				507A04652199E09100117D8C /* Main.storyboard in Resources */,
				507A04412199DDCC00117D8C /* LaunchScreen.storyboard in Resources */,
				507A043E2199DDCC00117D8C /* Assets.xcassets in Resources */,
			);
			runOnlyForDeploymentPostprocessing = 0;
		};
		507A04452199DDCC00117D8C /* Resources */ = {
			isa = PBXResourcesBuildPhase;
			buildActionMask = 2147483647;
			files = (
			);
			runOnlyForDeploymentPostprocessing = 0;
		};
		507A04502199DDCC00117D8C /* Resources */ = {
			isa = PBXResourcesBuildPhase;
			buildActionMask = 2147483647;
			files = (
			);
			runOnlyForDeploymentPostprocessing = 0;
		};
/* End PBXResourcesBuildPhase section */

/* Begin PBXSourcesBuildPhase section */
		507A042F2199DDCA00117D8C /* Sources */ = {
			isa = PBXSourcesBuildPhase;
			buildActionMask = 2147483647;
			files = (
				507A04A12199E5EE00117D8C /* DeepLinkManager.swift in Sources */,
				507A04392199DDCA00117D8C /* ViewController.swift in Sources */,
				507A04DD219A17A800117D8C /* DeepLinkUrlParser.swift in Sources */,
				507A04372199DDCA00117D8C /* AppDelegate.swift in Sources */,
				507A04DF219A17EB00117D8C /* DeepLinkNavigator.swift in Sources */,
			);
			runOnlyForDeploymentPostprocessing = 0;
		};
		507A04432199DDCC00117D8C /* Sources */ = {
			isa = PBXSourcesBuildPhase;
			buildActionMask = 2147483647;
			files = (
				507A04E1219A219D00117D8C /* DeepLinkManagerTests.swift in Sources */,
			);
			runOnlyForDeploymentPostprocessing = 0;
		};
		507A044E2199DDCC00117D8C /* Sources */ = {
			isa = PBXSourcesBuildPhase;
			buildActionMask = 2147483647;
			files = (
				507A04572199DDCC00117D8C /* DeepLinkTutorialUITests.swift in Sources */,
			);
			runOnlyForDeploymentPostprocessing = 0;
		};
/* End PBXSourcesBuildPhase section */

/* Begin PBXTargetDependency section */
		507A04492199DDCC00117D8C /* PBXTargetDependency */ = {
			isa = PBXTargetDependency;
			target = 507A04322199DDCA00117D8C /* DeepLinkTutorial */;
			targetProxy = 507A04482199DDCC00117D8C /* PBXContainerItemProxy */;
		};
		507A04542199DDCC00117D8C /* PBXTargetDependency */ = {
			isa = PBXTargetDependency;
			target = 507A04322199DDCA00117D8C /* DeepLinkTutorial */;
			targetProxy = 507A04532199DDCC00117D8C /* PBXContainerItemProxy */;
		};
/* End PBXTargetDependency section */

/* Begin PBXVariantGroup section */
		507A043F2199DDCC00117D8C /* LaunchScreen.storyboard */ = {
			isa = PBXVariantGroup;
			children = (
				507A04402199DDCC00117D8C /* Base */,
			);
			name = LaunchScreen.storyboard;
			sourceTree = "<group>";
		};
/* End PBXVariantGroup section */

/* Begin XCBuildConfiguration section */
		507A04592199DDCC00117D8C /* Debug */ = {
			isa = XCBuildConfiguration;
			buildSettings = {
				ALWAYS_SEARCH_USER_PATHS = NO;
				CLANG_ANALYZER_NONNULL = YES;
				CLANG_ANALYZER_NUMBER_OBJECT_CONVERSION = YES_AGGRESSIVE;
				CLANG_CXX_LANGUAGE_STANDARD = "gnu++14";
				CLANG_CXX_LIBRARY = "libc++";
				CLANG_ENABLE_MODULES = YES;
				CLANG_ENABLE_OBJC_ARC = YES;
				CLANG_ENABLE_OBJC_WEAK = YES;
				CLANG_WARN_BLOCK_CAPTURE_AUTORELEASING = YES;
				CLANG_WARN_BOOL_CONVERSION = YES;
				CLANG_WARN_COMMA = YES;
				CLANG_WARN_CONSTANT_CONVERSION = YES;
				CLANG_WARN_DEPRECATED_OBJC_IMPLEMENTATIONS = YES;
				CLANG_WARN_DIRECT_OBJC_ISA_USAGE = YES_ERROR;
				CLANG_WARN_DOCUMENTATION_COMMENTS = YES;
				CLANG_WARN_EMPTY_BODY = YES;
				CLANG_WARN_ENUM_CONVERSION = YES;
				CLANG_WARN_INFINITE_RECURSION = YES;
				CLANG_WARN_INT_CONVERSION = YES;
				CLANG_WARN_NON_LITERAL_NULL_CONVERSION = YES;
				CLANG_WARN_OBJC_IMPLICIT_RETAIN_SELF = YES;
				CLANG_WARN_OBJC_LITERAL_CONVERSION = YES;
				CLANG_WARN_OBJC_ROOT_CLASS = YES_ERROR;
				CLANG_WARN_RANGE_LOOP_ANALYSIS = YES;
				CLANG_WARN_STRICT_PROTOTYPES = YES;
				CLANG_WARN_SUSPICIOUS_MOVE = YES;
				CLANG_WARN_UNGUARDED_AVAILABILITY = YES_AGGRESSIVE;
				CLANG_WARN_UNREACHABLE_CODE = YES;
				CLANG_WARN__DUPLICATE_METHOD_MATCH = YES;
				CODE_SIGN_IDENTITY = "iPhone Developer";
				COPY_PHASE_STRIP = NO;
				DEBUG_INFORMATION_FORMAT = dwarf;
				ENABLE_STRICT_OBJC_MSGSEND = YES;
				ENABLE_TESTABILITY = YES;
				GCC_C_LANGUAGE_STANDARD = gnu11;
				GCC_DYNAMIC_NO_PIC = NO;
				GCC_NO_COMMON_BLOCKS = YES;
				GCC_OPTIMIZATION_LEVEL = 0;
				GCC_PREPROCESSOR_DEFINITIONS = (
					"DEBUG=1",
					"$(inherited)",
				);
				GCC_WARN_64_TO_32_BIT_CONVERSION = YES;
				GCC_WARN_ABOUT_RETURN_TYPE = YES_ERROR;
				GCC_WARN_UNDECLARED_SELECTOR = YES;
				GCC_WARN_UNINITIALIZED_AUTOS = YES_AGGRESSIVE;
				GCC_WARN_UNUSED_FUNCTION = YES;
				GCC_WARN_UNUSED_VARIABLE = YES;
				IPHONEOS_DEPLOYMENT_TARGET = 12.1;
				MTL_ENABLE_DEBUG_INFO = INCLUDE_SOURCE;
				MTL_FAST_MATH = YES;
				ONLY_ACTIVE_ARCH = YES;
				SDKROOT = iphoneos;
				SWIFT_ACTIVE_COMPILATION_CONDITIONS = DEBUG;
				SWIFT_OPTIMIZATION_LEVEL = "-Onone";
			};
			name = Debug;
		};
		507A045A2199DDCC00117D8C /* Release */ = {
			isa = XCBuildConfiguration;
			buildSettings = {
				ALWAYS_SEARCH_USER_PATHS = NO;
				CLANG_ANALYZER_NONNULL = YES;
				CLANG_ANALYZER_NUMBER_OBJECT_CONVERSION = YES_AGGRESSIVE;
				CLANG_CXX_LANGUAGE_STANDARD = "gnu++14";
				CLANG_CXX_LIBRARY = "libc++";
				CLANG_ENABLE_MODULES = YES;
				CLANG_ENABLE_OBJC_ARC = YES;
				CLANG_ENABLE_OBJC_WEAK = YES;
				CLANG_WARN_BLOCK_CAPTURE_AUTORELEASING = YES;
				CLANG_WARN_BOOL_CONVERSION = YES;
				CLANG_WARN_COMMA = YES;
				CLANG_WARN_CONSTANT_CONVERSION = YES;
				CLANG_WARN_DEPRECATED_OBJC_IMPLEMENTATIONS = YES;
				CLANG_WARN_DIRECT_OBJC_ISA_USAGE = YES_ERROR;
				CLANG_WARN_DOCUMENTATION_COMMENTS = YES;
				CLANG_WARN_EMPTY_BODY = YES;
				CLANG_WARN_ENUM_CONVERSION = YES;
				CLANG_WARN_INFINITE_RECURSION = YES;
				CLANG_WARN_INT_CONVERSION = YES;
				CLANG_WARN_NON_LITERAL_NULL_CONVERSION = YES;
				CLANG_WARN_OBJC_IMPLICIT_RETAIN_SELF = YES;
				CLANG_WARN_OBJC_LITERAL_CONVERSION = YES;
				CLANG_WARN_OBJC_ROOT_CLASS = YES_ERROR;
				CLANG_WARN_RANGE_LOOP_ANALYSIS = YES;
				CLANG_WARN_STRICT_PROTOTYPES = YES;
				CLANG_WARN_SUSPICIOUS_MOVE = YES;
				CLANG_WARN_UNGUARDED_AVAILABILITY = YES_AGGRESSIVE;
				CLANG_WARN_UNREACHABLE_CODE = YES;
				CLANG_WARN__DUPLICATE_METHOD_MATCH = YES;
				CODE_SIGN_IDENTITY = "iPhone Developer";
				COPY_PHASE_STRIP = NO;
				DEBUG_INFORMATION_FORMAT = "dwarf-with-dsym";
				ENABLE_NS_ASSERTIONS = NO;
				ENABLE_STRICT_OBJC_MSGSEND = YES;
				GCC_C_LANGUAGE_STANDARD = gnu11;
				GCC_NO_COMMON_BLOCKS = YES;
				GCC_WARN_64_TO_32_BIT_CONVERSION = YES;
				GCC_WARN_ABOUT_RETURN_TYPE = YES_ERROR;
				GCC_WARN_UNDECLARED_SELECTOR = YES;
				GCC_WARN_UNINITIALIZED_AUTOS = YES_AGGRESSIVE;
				GCC_WARN_UNUSED_FUNCTION = YES;
				GCC_WARN_UNUSED_VARIABLE = YES;
				IPHONEOS_DEPLOYMENT_TARGET = 12.1;
				MTL_ENABLE_DEBUG_INFO = NO;
				MTL_FAST_MATH = YES;
				SDKROOT = iphoneos;
				SWIFT_COMPILATION_MODE = wholemodule;
				SWIFT_OPTIMIZATION_LEVEL = "-O";
				VALIDATE_PRODUCT = YES;
			};
			name = Release;
		};
		507A045C2199DDCC00117D8C /* Debug */ = {
			isa = XCBuildConfiguration;
			buildSettings = {
				ASSETCATALOG_COMPILER_APPICON_NAME = AppIcon;
				CODE_SIGN_STYLE = Automatic;
				INFOPLIST_FILE = DeepLinkTutorial/Info.plist;
				LD_RUNPATH_SEARCH_PATHS = (
					"$(inherited)",
					"@executable_path/Frameworks",
				);
				PRODUCT_BUNDLE_IDENTIFIER = com.chiramattel.ann.DeepLinkTutorial;
				PRODUCT_NAME = "$(TARGET_NAME)";
				SWIFT_VERSION = 4.2;
				TARGETED_DEVICE_FAMILY = "1,2";
			};
			name = Debug;
		};
		507A045D2199DDCC00117D8C /* Release */ = {
			isa = XCBuildConfiguration;
			buildSettings = {
				ASSETCATALOG_COMPILER_APPICON_NAME = AppIcon;
				CODE_SIGN_STYLE = Automatic;
				INFOPLIST_FILE = DeepLinkTutorial/Info.plist;
				LD_RUNPATH_SEARCH_PATHS = (
					"$(inherited)",
					"@executable_path/Frameworks",
				);
				PRODUCT_BUNDLE_IDENTIFIER = com.chiramattel.ann.DeepLinkTutorial;
				PRODUCT_NAME = "$(TARGET_NAME)";
				SWIFT_VERSION = 4.2;
				TARGETED_DEVICE_FAMILY = "1,2";
			};
			name = Release;
		};
		507A045F2199DDCC00117D8C /* Debug */ = {
			isa = XCBuildConfiguration;
			buildSettings = {
				ALWAYS_EMBED_SWIFT_STANDARD_LIBRARIES = YES;
				BUNDLE_LOADER = "$(TEST_HOST)";
				CODE_SIGN_STYLE = Automatic;
				INFOPLIST_FILE = DeepLinkTutorialTests/Info.plist;
				LD_RUNPATH_SEARCH_PATHS = (
					"$(inherited)",
					"@executable_path/Frameworks",
					"@loader_path/Frameworks",
				);
				PRODUCT_BUNDLE_IDENTIFIER = com.chiramattel.ann.DeepLinkTutorialTests;
				PRODUCT_NAME = "$(TARGET_NAME)";
				SWIFT_VERSION = 4.2;
				TARGETED_DEVICE_FAMILY = "1,2";
				TEST_HOST = "$(BUILT_PRODUCTS_DIR)/DeepLinkTutorial.app/DeepLinkTutorial";
			};
			name = Debug;
		};
		507A04602199DDCC00117D8C /* Release */ = {
			isa = XCBuildConfiguration;
			buildSettings = {
				ALWAYS_EMBED_SWIFT_STANDARD_LIBRARIES = YES;
				BUNDLE_LOADER = "$(TEST_HOST)";
				CODE_SIGN_STYLE = Automatic;
				INFOPLIST_FILE = DeepLinkTutorialTests/Info.plist;
				LD_RUNPATH_SEARCH_PATHS = (
					"$(inherited)",
					"@executable_path/Frameworks",
					"@loader_path/Frameworks",
				);
				PRODUCT_BUNDLE_IDENTIFIER = com.chiramattel.ann.DeepLinkTutorialTests;
				PRODUCT_NAME = "$(TARGET_NAME)";
				SWIFT_VERSION = 4.2;
				TARGETED_DEVICE_FAMILY = "1,2";
				TEST_HOST = "$(BUILT_PRODUCTS_DIR)/DeepLinkTutorial.app/DeepLinkTutorial";
			};
			name = Release;
		};
		507A04622199DDCC00117D8C /* Debug */ = {
			isa = XCBuildConfiguration;
			buildSettings = {
				ALWAYS_EMBED_SWIFT_STANDARD_LIBRARIES = YES;
				CODE_SIGN_STYLE = Automatic;
				INFOPLIST_FILE = DeepLinkTutorialUITests/Info.plist;
				LD_RUNPATH_SEARCH_PATHS = (
					"$(inherited)",
					"@executable_path/Frameworks",
					"@loader_path/Frameworks",
				);
				PRODUCT_BUNDLE_IDENTIFIER = com.chiramattel.ann.DeepLinkTutorialUITests;
				PRODUCT_NAME = "$(TARGET_NAME)";
				SWIFT_VERSION = 4.2;
				TARGETED_DEVICE_FAMILY = "1,2";
				TEST_TARGET_NAME = DeepLinkTutorial;
			};
			name = Debug;
		};
		507A04632199DDCC00117D8C /* Release */ = {
			isa = XCBuildConfiguration;
			buildSettings = {
				ALWAYS_EMBED_SWIFT_STANDARD_LIBRARIES = YES;
				CODE_SIGN_STYLE = Automatic;
				INFOPLIST_FILE = DeepLinkTutorialUITests/Info.plist;
				LD_RUNPATH_SEARCH_PATHS = (
					"$(inherited)",
					"@executable_path/Frameworks",
					"@loader_path/Frameworks",
				);
				PRODUCT_BUNDLE_IDENTIFIER = com.chiramattel.ann.DeepLinkTutorialUITests;
				PRODUCT_NAME = "$(TARGET_NAME)";
				SWIFT_VERSION = 4.2;
				TARGETED_DEVICE_FAMILY = "1,2";
				TEST_TARGET_NAME = DeepLinkTutorial;
			};
			name = Release;
		};
/* End XCBuildConfiguration section */

/* Begin XCConfigurationList section */
		507A042E2199DDCA00117D8C /* Build configuration list for PBXProject "DeepLinkTutorial" */ = {
			isa = XCConfigurationList;
			buildConfigurations = (
				507A04592199DDCC00117D8C /* Debug */,
				507A045A2199DDCC00117D8C /* Release */,
			);
			defaultConfigurationIsVisible = 0;
			defaultConfigurationName = Release;
		};
		507A045B2199DDCC00117D8C /* Build configuration list for PBXNativeTarget "DeepLinkTutorial" */ = {
			isa = XCConfigurationList;
			buildConfigurations = (
				507A045C2199DDCC00117D8C /* Debug */,
				507A045D2199DDCC00117D8C /* Release */,
			);
			defaultConfigurationIsVisible = 0;
			defaultConfigurationName = Release;
		};
		507A045E2199DDCC00117D8C /* Build configuration list for PBXNativeTarget "DeepLinkTutorialTests" */ = {
			isa = XCConfigurationList;
			buildConfigurations = (
				507A045F2199DDCC00117D8C /* Debug */,
				507A04602199DDCC00117D8C /* Release */,
			);
			defaultConfigurationIsVisible = 0;
			defaultConfigurationName = Release;
		};
		507A04612199DDCC00117D8C /* Build configuration list for PBXNativeTarget "DeepLinkTutorialUITests" */ = {
			isa = XCConfigurationList;
			buildConfigurations = (
				507A04622199DDCC00117D8C /* Debug */,
				507A04632199DDCC00117D8C /* Release */,
			);
			defaultConfigurationIsVisible = 0;
			defaultConfigurationName = Release;
		};
/* End XCConfigurationList section */
	};
	rootObject = 507A042B2199DDCA00117D8C /* Project object */;
}
