// !$*UTF8*$!
{
	archiveVersion = 1;
	classes = {
	};
	objectVersion = 50;
	objects = {

/* Begin PBXBuildFile section */
		507A04AF2199F2D000117D8C /* AppDelegate.swift in Sources */ = {isa = PBXBuildFile; fileRef = 507A04AE2199F2D000117D8C /* AppDelegate.swift */; };
		507A04B12199F2D000117D8C /* ViewController.swift in Sources */ = {isa = PBXBuildFile; fileRef = 507A04B02199F2D000117D8C /* ViewController.swift */; };
		507A04B42199F2D000117D8C /* Main.storyboard in Resources */ = {isa = PBXBuildFile; fileRef = 507A04B22199F2D000117D8C /* Main.storyboard */; };
		507A04B62199F2D100117D8C /* Assets.xcassets in Resources */ = {isa = PBXBuildFile; fileRef = 507A04B52199F2D100117D8C /* Assets.xcassets */; };
		507A04B92199F2D100117D8C /* LaunchScreen.storyboard in Resources */ = {isa = PBXBuildFile; fileRef = 507A04B72199F2D100117D8C /* LaunchScreen.storyboard */; };
		507A04C42199F2D100117D8C /* DeepLinkLauncherTests.swift in Sources */ = {isa = PBXBuildFile; fileRef = 507A04C32199F2D100117D8C /* DeepLinkLauncherTests.swift */; };
		507A04CF2199F2D200117D8C /* DeepLinkLauncherUITests.swift in Sources */ = {isa = PBXBuildFile; fileRef = 507A04CE2199F2D200117D8C /* DeepLinkLauncherUITests.swift */; };
/* End PBXBuildFile section */

/* Begin PBXContainerItemProxy section */
		507A04C02199F2D100117D8C /* PBXContainerItemProxy */ = {
			isa = PBXContainerItemProxy;
			containerPortal = 507A04A32199F2D000117D8C /* Project object */;
			proxyType = 1;
			remoteGlobalIDString = 507A04AA2199F2D000117D8C;
			remoteInfo = DeepLinkLauncher;
		};
		507A04CB2199F2D200117D8C /* PBXContainerItemProxy */ = {
			isa = PBXContainerItemProxy;
			containerPortal = 507A04A32199F2D000117D8C /* Project object */;
			proxyType = 1;
			remoteGlobalIDString = 507A04AA2199F2D000117D8C;
			remoteInfo = DeepLinkLauncher;
		};
/* End PBXContainerItemProxy section */

/* Begin PBXFileReference section */
		507A04AB2199F2D000117D8C /* DeepLinkLauncher.app */ = {isa = PBXFileReference; explicitFileType = wrapper.application; includeInIndex = 0; path = DeepLinkLauncher.app; sourceTree = BUILT_PRODUCTS_DIR; };
		507A04AE2199F2D000117D8C /* AppDelegate.swift */ = {isa = PBXFileReference; lastKnownFileType = sourcecode.swift; path = AppDelegate.swift; sourceTree = "<group>"; };
		507A04B02199F2D000117D8C /* ViewController.swift */ = {isa = PBXFileReference; lastKnownFileType = sourcecode.swift; path = ViewController.swift; sourceTree = "<group>"; };
		507A04B32199F2D000117D8C /* Base */ = {isa = PBXFileReference; lastKnownFileType = file.storyboard; name = Base; path = Base.lproj/Main.storyboard; sourceTree = "<group>"; };
		507A04B52199F2D100117D8C /* Assets.xcassets */ = {isa = PBXFileReference; lastKnownFileType = folder.assetcatalog; path = Assets.xcassets; sourceTree = "<group>"; };
		507A04B82199F2D100117D8C /* Base */ = {isa = PBXFileReference; lastKnownFileType = file.storyboard; name = Base; path = Base.lproj/LaunchScreen.storyboard; sourceTree = "<group>"; };
		507A04BA2199F2D100117D8C /* Info.plist */ = {isa = PBXFileReference; lastKnownFileType = text.plist.xml; path = Info.plist; sourceTree = "<group>"; };
		507A04BF2199F2D100117D8C /* DeepLinkLauncherTests.xctest */ = {isa = PBXFileReference; explicitFileType = wrapper.cfbundle; includeInIndex = 0; path = DeepLinkLauncherTests.xctest; sourceTree = BUILT_PRODUCTS_DIR; };
		507A04C32199F2D100117D8C /* DeepLinkLauncherTests.swift */ = {isa = PBXFileReference; lastKnownFileType = sourcecode.swift; path = DeepLinkLauncherTests.swift; sourceTree = "<group>"; };
		507A04C52199F2D100117D8C /* Info.plist */ = {isa = PBXFileReference; lastKnownFileType = text.plist.xml; path = Info.plist; sourceTree = "<group>"; };
		507A04CA2199F2D200117D8C /* DeepLinkLauncherUITests.xctest */ = {isa = PBXFileReference; explicitFileType = wrapper.cfbundle; includeInIndex = 0; path = DeepLinkLauncherUITests.xctest; sourceTree = BUILT_PRODUCTS_DIR; };
		507A04CE2199F2D200117D8C /* DeepLinkLauncherUITests.swift */ = {isa = PBXFileReference; lastKnownFileType = sourcecode.swift; path = DeepLinkLauncherUITests.swift; sourceTree = "<group>"; };
		507A04D02199F2D200117D8C /* Info.plist */ = {isa = PBXFileReference; lastKnownFileType = text.plist.xml; path = Info.plist; sourceTree = "<group>"; };
/* End PBXFileReference section */

/* Begin PBXFrameworksBuildPhase section */
		507A04A82199F2D000117D8C /* Frameworks */ = {
			isa = PBXFrameworksBuildPhase;
			buildActionMask = 2147483647;
			files = (
			);
			runOnlyForDeploymentPostprocessing = 0;
		};
		507A04BC2199F2D100117D8C /* Frameworks */ = {
			isa = PBXFrameworksBuildPhase;
			buildActionMask = 2147483647;
			files = (
			);
			runOnlyForDeploymentPostprocessing = 0;
		};
		507A04C72199F2D200117D8C /* Frameworks */ = {
			isa = PBXFrameworksBuildPhase;
			buildActionMask = 2147483647;
			files = (
			);
			runOnlyForDeploymentPostprocessing = 0;
		};
/* End PBXFrameworksBuildPhase section */

/* Begin PBXGroup section */
		507A04A22199F2D000117D8C = {
			isa = PBXGroup;
			children = (
				507A04AD2199F2D000117D8C /* DeepLinkLauncher */,
				507A04C22199F2D100117D8C /* DeepLinkLauncherTests */,
				507A04CD2199F2D200117D8C /* DeepLinkLauncherUITests */,
				507A04AC2199F2D000117D8C /* Products */,
			);
			sourceTree = "<group>";
		};
		507A04AC2199F2D000117D8C /* Products */ = {
			isa = PBXGroup;
			children = (
				507A04AB2199F2D000117D8C /* DeepLinkLauncher.app */,
				507A04BF2199F2D100117D8C /* DeepLinkLauncherTests.xctest */,
				507A04CA2199F2D200117D8C /* DeepLinkLauncherUITests.xctest */,
			);
			name = Products;
			sourceTree = "<group>";
		};
		507A04AD2199F2D000117D8C /* DeepLinkLauncher */ = {
			isa = PBXGroup;
			children = (
				507A04AE2199F2D000117D8C /* AppDelegate.swift */,
				507A04B02199F2D000117D8C /* ViewController.swift */,
				507A04B22199F2D000117D8C /* Main.storyboard */,
				507A04B52199F2D100117D8C /* Assets.xcassets */,
				507A04B72199F2D100117D8C /* LaunchScreen.storyboard */,
				507A04BA2199F2D100117D8C /* Info.plist */,
			);
			path = DeepLinkLauncher;
			sourceTree = "<group>";
		};
		507A04C22199F2D100117D8C /* DeepLinkLauncherTests */ = {
			isa = PBXGroup;
			children = (
				507A04C32199F2D100117D8C /* DeepLinkLauncherTests.swift */,
				507A04C52199F2D100117D8C /* Info.plist */,
			);
			path = DeepLinkLauncherTests;
			sourceTree = "<group>";
		};
		507A04CD2199F2D200117D8C /* DeepLinkLauncherUITests */ = {
			isa = PBXGroup;
			children = (
				507A04CE2199F2D200117D8C /* DeepLinkLauncherUITests.swift */,
				507A04D02199F2D200117D8C /* Info.plist */,
			);
			path = DeepLinkLauncherUITests;
			sourceTree = "<group>";
		};
/* End PBXGroup section */

/* Begin PBXNativeTarget section */
		507A04AA2199F2D000117D8C /* DeepLinkLauncher */ = {
			isa = PBXNativeTarget;
			buildConfigurationList = 507A04D32199F2D200117D8C /* Build configuration list for PBXNativeTarget "DeepLinkLauncher" */;
			buildPhases = (
				507A04A72199F2D000117D8C /* Sources */,
				507A04A82199F2D000117D8C /* Frameworks */,
				507A04A92199F2D000117D8C /* Resources */,
			);
			buildRules = (
			);
			dependencies = (
			);
			name = DeepLinkLauncher;
			productName = DeepLinkLauncher;
			productReference = 507A04AB2199F2D000117D8C /* DeepLinkLauncher.app */;
			productType = "com.apple.product-type.application";
		};
		507A04BE2199F2D100117D8C /* DeepLinkLauncherTests */ = {
			isa = PBXNativeTarget;
			buildConfigurationList = 507A04D62199F2D200117D8C /* Build configuration list for PBXNativeTarget "DeepLinkLauncherTests" */;
			buildPhases = (
				507A04BB2199F2D100117D8C /* Sources */,
				507A04BC2199F2D100117D8C /* Frameworks */,
				507A04BD2199F2D100117D8C /* Resources */,
			);
			buildRules = (
			);
			dependencies = (
				507A04C12199F2D100117D8C /* PBXTargetDependency */,
			);
			name = DeepLinkLauncherTests;
			productName = DeepLinkLauncherTests;
			productReference = 507A04BF2199F2D100117D8C /* DeepLinkLauncherTests.xctest */;
			productType = "com.apple.product-type.bundle.unit-test";
		};
		507A04C92199F2D200117D8C /* DeepLinkLauncherUITests */ = {
			isa = PBXNativeTarget;
			buildConfigurationList = 507A04D92199F2D200117D8C /* Build configuration list for PBXNativeTarget "DeepLinkLauncherUITests" */;
			buildPhases = (
				507A04C62199F2D200117D8C /* Sources */,
				507A04C72199F2D200117D8C /* Frameworks */,
				507A04C82199F2D200117D8C /* Resources */,
			);
			buildRules = (
			);
			dependencies = (
				507A04CC2199F2D200117D8C /* PBXTargetDependency */,
			);
			name = DeepLinkLauncherUITests;
			productName = DeepLinkLauncherUITests;
			productReference = 507A04CA2199F2D200117D8C /* DeepLinkLauncherUITests.xctest */;
			productType = "com.apple.product-type.bundle.ui-testing";
		};
/* End PBXNativeTarget section */

/* Begin PBXProject section */
		507A04A32199F2D000117D8C /* Project object */ = {
			isa = PBXProject;
			attributes = {
				LastSwiftUpdateCheck = 1010;
				LastUpgradeCheck = 1010;
				ORGANIZATIONNAME = Chiramattel;
				TargetAttributes = {
					507A04AA2199F2D000117D8C = {
						CreatedOnToolsVersion = 10.1;
					};
					507A04BE2199F2D100117D8C = {
						CreatedOnToolsVersion = 10.1;
						TestTargetID = 507A04AA2199F2D000117D8C;
					};
					507A04C92199F2D200117D8C = {
						CreatedOnToolsVersion = 10.1;
						TestTargetID = 507A04AA2199F2D000117D8C;
					};
				};
			};
			buildConfigurationList = 507A04A62199F2D000117D8C /* Build configuration list for PBXProject "DeepLinkLauncher" */;
			compatibilityVersion = "Xcode 9.3";
			developmentRegion = en;
			hasScannedForEncodings = 0;
			knownRegions = (
				en,
				Base,
			);
			mainGroup = 507A04A22199F2D000117D8C;
			productRefGroup = 507A04AC2199F2D000117D8C /* Products */;
			projectDirPath = "";
			projectRoot = "";
			targets = (
				507A04AA2199F2D000117D8C /* DeepLinkLauncher */,
				507A04BE2199F2D100117D8C /* DeepLinkLauncherTests */,
				507A04C92199F2D200117D8C /* DeepLinkLauncherUITests */,
			);
		};
/* End PBXProject section */

/* Begin PBXResourcesBuildPhase section */
		507A04A92199F2D000117D8C /* Resources */ = {
			isa = PBXResourcesBuildPhase;
			buildActionMask = 2147483647;
			files = (
				507A04B92199F2D100117D8C /* LaunchScreen.storyboard in Resources */,
				507A04B62199F2D100117D8C /* Assets.xcassets in Resources */,
				507A04B42199F2D000117D8C /* Main.storyboard in Resources */,
			);
			runOnlyForDeploymentPostprocessing = 0;
		};
		507A04BD2199F2D100117D8C /* Resources */ = {
			isa = PBXResourcesBuildPhase;
			buildActionMask = 2147483647;
			files = (
			);
			runOnlyForDeploymentPostprocessing = 0;
		};
		507A04C82199F2D200117D8C /* Resources */ = {
			isa = PBXResourcesBuildPhase;
			buildActionMask = 2147483647;
			files = (
			);
			runOnlyForDeploymentPostprocessing = 0;
		};
/* End PBXResourcesBuildPhase section */

/* Begin PBXSourcesBuildPhase section */
		507A04A72199F2D000117D8C /* Sources */ = {
			isa = PBXSourcesBuildPhase;
			buildActionMask = 2147483647;
			files = (
				507A04B12199F2D000117D8C /* ViewController.swift in Sources */,
				507A04AF2199F2D000117D8C /* AppDelegate.swift in Sources */,
			);
			runOnlyForDeploymentPostprocessing = 0;
		};
		507A04BB2199F2D100117D8C /* Sources */ = {
			isa = PBXSourcesBuildPhase;
			buildActionMask = 2147483647;
			files = (
				507A04C42199F2D100117D8C /* DeepLinkLauncherTests.swift in Sources */,
			);
			runOnlyForDeploymentPostprocessing = 0;
		};
		507A04C62199F2D200117D8C /* Sources */ = {
			isa = PBXSourcesBuildPhase;
			buildActionMask = 2147483647;
			files = (
				507A04CF2199F2D200117D8C /* DeepLinkLauncherUITests.swift in Sources */,
			);
			runOnlyForDeploymentPostprocessing = 0;
		};
/* End PBXSourcesBuildPhase section */

/* Begin PBXTargetDependency section */
		507A04C12199F2D100117D8C /* PBXTargetDependency */ = {
			isa = PBXTargetDependency;
			target = 507A04AA2199F2D000117D8C /* DeepLinkLauncher */;
			targetProxy = 507A04C02199F2D100117D8C /* PBXContainerItemProxy */;
		};
		507A04CC2199F2D200117D8C /* PBXTargetDependency */ = {
			isa = PBXTargetDependency;
			target = 507A04AA2199F2D000117D8C /* DeepLinkLauncher */;
			targetProxy = 507A04CB2199F2D200117D8C /* PBXContainerItemProxy */;
		};
/* End PBXTargetDependency section */

/* Begin PBXVariantGroup section */
		507A04B22199F2D000117D8C /* Main.storyboard */ = {
			isa = PBXVariantGroup;
			children = (
				507A04B32199F2D000117D8C /* Base */,
			);
			name = Main.storyboard;
			sourceTree = "<group>";
		};
		507A04B72199F2D100117D8C /* LaunchScreen.storyboard */ = {
			isa = PBXVariantGroup;
			children = (
				507A04B82199F2D100117D8C /* Base */,
			);
			name = LaunchScreen.storyboard;
			sourceTree = "<group>";
		};
/* End PBXVariantGroup section */

/* Begin XCBuildConfiguration section */
		507A04D12199F2D200117D8C /* Debug */ = {
			isa = XCBuildConfiguration;
			buildSettings = {
				ALWAYS_SEARCH_USER_PATHS = NO;
				CLANG_ANALYZER_NONNULL = YES;
				CLANG_ANALYZER_NUMBER_OBJECT_CONVERSION = YES_AGGRESSIVE;
				CLANG_CXX_LANGUAGE_STANDARD = "gnu++14";
				CLANG_CXX_LIBRARY = "libc++";
				CLANG_ENABLE_MODULES = YES;
				CLANG_ENABLE_OBJC_ARC = YES;
				CLANG_ENABLE_OBJC_WEAK = YES;
				CLANG_WARN_BLOCK_CAPTURE_AUTORELEASING = YES;
				CLANG_WARN_BOOL_CONVERSION = YES;
				CLANG_WARN_COMMA = YES;
				CLANG_WARN_CONSTANT_CONVERSION = YES;
				CLANG_WARN_DEPRECATED_OBJC_IMPLEMENTATIONS = YES;
				CLANG_WARN_DIRECT_OBJC_ISA_USAGE = YES_ERROR;
				CLANG_WARN_DOCUMENTATION_COMMENTS = YES;
				CLANG_WARN_EMPTY_BODY = YES;
				CLANG_WARN_ENUM_CONVERSION = YES;
				CLANG_WARN_INFINITE_RECURSION = YES;
				CLANG_WARN_INT_CONVERSION = YES;
				CLANG_WARN_NON_LITERAL_NULL_CONVERSION = YES;
				CLANG_WARN_OBJC_IMPLICIT_RETAIN_SELF = YES;
				CLANG_WARN_OBJC_LITERAL_CONVERSION = YES;
				CLANG_WARN_OBJC_ROOT_CLASS = YES_ERROR;
				CLANG_WARN_RANGE_LOOP_ANALYSIS = YES;
				CLANG_WARN_STRICT_PROTOTYPES = YES;
				CLANG_WARN_SUSPICIOUS_MOVE = YES;
				CLANG_WARN_UNGUARDED_AVAILABILITY = YES_AGGRESSIVE;
				CLANG_WARN_UNREACHABLE_CODE = YES;
				CLANG_WARN__DUPLICATE_METHOD_MATCH = YES;
				CODE_SIGN_IDENTITY = "iPhone Developer";
				COPY_PHASE_STRIP = NO;
				DEBUG_INFORMATION_FORMAT = dwarf;
				ENABLE_STRICT_OBJC_MSGSEND = YES;
				ENABLE_TESTABILITY = YES;
				GCC_C_LANGUAGE_STANDARD = gnu11;
				GCC_DYNAMIC_NO_PIC = NO;
				GCC_NO_COMMON_BLOCKS = YES;
				GCC_OPTIMIZATION_LEVEL = 0;
				GCC_PREPROCESSOR_DEFINITIONS = (
					"DEBUG=1",
					"$(inherited)",
				);
				GCC_WARN_64_TO_32_BIT_CONVERSION = YES;
				GCC_WARN_ABOUT_RETURN_TYPE = YES_ERROR;
				GCC_WARN_UNDECLARED_SELECTOR = YES;
				GCC_WARN_UNINITIALIZED_AUTOS = YES_AGGRESSIVE;
				GCC_WARN_UNUSED_FUNCTION = YES;
				GCC_WARN_UNUSED_VARIABLE = YES;
				IPHONEOS_DEPLOYMENT_TARGET = 12.1;
				MTL_ENABLE_DEBUG_INFO = INCLUDE_SOURCE;
				MTL_FAST_MATH = YES;
				ONLY_ACTIVE_ARCH = YES;
				SDKROOT = iphoneos;
				SWIFT_ACTIVE_COMPILATION_CONDITIONS = DEBUG;
				SWIFT_OPTIMIZATION_LEVEL = "-Onone";
			};
			name = Debug;
		};
		507A04D22199F2D200117D8C /* Release */ = {
			isa = XCBuildConfiguration;
			buildSettings = {
				ALWAYS_SEARCH_USER_PATHS = NO;
				CLANG_ANALYZER_NONNULL = YES;
				CLANG_ANALYZER_NUMBER_OBJECT_CONVERSION = YES_AGGRESSIVE;
				CLANG_CXX_LANGUAGE_STANDARD = "gnu++14";
				CLANG_CXX_LIBRARY = "libc++";
				CLANG_ENABLE_MODULES = YES;
				CLANG_ENABLE_OBJC_ARC = YES;
				CLANG_ENABLE_OBJC_WEAK = YES;
				CLANG_WARN_BLOCK_CAPTURE_AUTORELEASING = YES;
				CLANG_WARN_BOOL_CONVERSION = YES;
				CLANG_WARN_COMMA = YES;
				CLANG_WARN_CONSTANT_CONVERSION = YES;
				CLANG_WARN_DEPRECATED_OBJC_IMPLEMENTATIONS = YES;
				CLANG_WARN_DIRECT_OBJC_ISA_USAGE = YES_ERROR;
				CLANG_WARN_DOCUMENTATION_COMMENTS = YES;
				CLANG_WARN_EMPTY_BODY = YES;
				CLANG_WARN_ENUM_CONVERSION = YES;
				CLANG_WARN_INFINITE_RECURSION = YES;
				CLANG_WARN_INT_CONVERSION = YES;
				CLANG_WARN_NON_LITERAL_NULL_CONVERSION = YES;
				CLANG_WARN_OBJC_IMPLICIT_RETAIN_SELF = YES;
				CLANG_WARN_OBJC_LITERAL_CONVERSION = YES;
				CLANG_WARN_OBJC_ROOT_CLASS = YES_ERROR;
				CLANG_WARN_RANGE_LOOP_ANALYSIS = YES;
				CLANG_WARN_STRICT_PROTOTYPES = YES;
				CLANG_WARN_SUSPICIOUS_MOVE = YES;
				CLANG_WARN_UNGUARDED_AVAILABILITY = YES_AGGRESSIVE;
				CLANG_WARN_UNREACHABLE_CODE = YES;
				CLANG_WARN__DUPLICATE_METHOD_MATCH = YES;
				CODE_SIGN_IDENTITY = "iPhone Developer";
				COPY_PHASE_STRIP = NO;
				DEBUG_INFORMATION_FORMAT = "dwarf-with-dsym";
				ENABLE_NS_ASSERTIONS = NO;
				ENABLE_STRICT_OBJC_MSGSEND = YES;
				GCC_C_LANGUAGE_STANDARD = gnu11;
				GCC_NO_COMMON_BLOCKS = YES;
				GCC_WARN_64_TO_32_BIT_CONVERSION = YES;
				GCC_WARN_ABOUT_RETURN_TYPE = YES_ERROR;
				GCC_WARN_UNDECLARED_SELECTOR = YES;
				GCC_WARN_UNINITIALIZED_AUTOS = YES_AGGRESSIVE;
				GCC_WARN_UNUSED_FUNCTION = YES;
				GCC_WARN_UNUSED_VARIABLE = YES;
				IPHONEOS_DEPLOYMENT_TARGET = 12.1;
				MTL_ENABLE_DEBUG_INFO = NO;
				MTL_FAST_MATH = YES;
				SDKROOT = iphoneos;
				SWIFT_COMPILATION_MODE = wholemodule;
				SWIFT_OPTIMIZATION_LEVEL = "-O";
				VALIDATE_PRODUCT = YES;
			};
			name = Release;
		};
		507A04D42199F2D200117D8C /* Debug */ = {
			isa = XCBuildConfiguration;
			buildSettings = {
				ASSETCATALOG_COMPILER_APPICON_NAME = AppIcon;
				CODE_SIGN_STYLE = Automatic;
				INFOPLIST_FILE = DeepLinkLauncher/Info.plist;
				LD_RUNPATH_SEARCH_PATHS = (
					"$(inherited)",
					"@executable_path/Frameworks",
				);
				PRODUCT_BUNDLE_IDENTIFIER = com.chiramattel.ann.DeepLinkLauncher;
				PRODUCT_NAME = "$(TARGET_NAME)";
				SWIFT_VERSION = 4.2;
				TARGETED_DEVICE_FAMILY = "1,2";
			};
			name = Debug;
		};
		507A04D52199F2D200117D8C /* Release */ = {
			isa = XCBuildConfiguration;
			buildSettings = {
				ASSETCATALOG_COMPILER_APPICON_NAME = AppIcon;
				CODE_SIGN_STYLE = Automatic;
				INFOPLIST_FILE = DeepLinkLauncher/Info.plist;
				LD_RUNPATH_SEARCH_PATHS = (
					"$(inherited)",
					"@executable_path/Frameworks",
				);
				PRODUCT_BUNDLE_IDENTIFIER = com.chiramattel.ann.DeepLinkLauncher;
				PRODUCT_NAME = "$(TARGET_NAME)";
				SWIFT_VERSION = 4.2;
				TARGETED_DEVICE_FAMILY = "1,2";
			};
			name = Release;
		};
		507A04D72199F2D200117D8C /* Debug */ = {
			isa = XCBuildConfiguration;
			buildSettings = {
				ALWAYS_EMBED_SWIFT_STANDARD_LIBRARIES = YES;
				BUNDLE_LOADER = "$(TEST_HOST)";
				CODE_SIGN_STYLE = Automatic;
				INFOPLIST_FILE = DeepLinkLauncherTests/Info.plist;
				LD_RUNPATH_SEARCH_PATHS = (
					"$(inherited)",
					"@executable_path/Frameworks",
					"@loader_path/Frameworks",
				);
				PRODUCT_BUNDLE_IDENTIFIER = com.chiramattel.ann.DeepLinkLauncherTests;
				PRODUCT_NAME = "$(TARGET_NAME)";
				SWIFT_VERSION = 4.2;
				TARGETED_DEVICE_FAMILY = "1,2";
				TEST_HOST = "$(BUILT_PRODUCTS_DIR)/DeepLinkLauncher.app/DeepLinkLauncher";
			};
			name = Debug;
		};
		507A04D82199F2D200117D8C /* Release */ = {
			isa = XCBuildConfiguration;
			buildSettings = {
				ALWAYS_EMBED_SWIFT_STANDARD_LIBRARIES = YES;
				BUNDLE_LOADER = "$(TEST_HOST)";
				CODE_SIGN_STYLE = Automatic;
				INFOPLIST_FILE = DeepLinkLauncherTests/Info.plist;
				LD_RUNPATH_SEARCH_PATHS = (
					"$(inherited)",
					"@executable_path/Frameworks",
					"@loader_path/Frameworks",
				);
				PRODUCT_BUNDLE_IDENTIFIER = com.chiramattel.ann.DeepLinkLauncherTests;
				PRODUCT_NAME = "$(TARGET_NAME)";
				SWIFT_VERSION = 4.2;
				TARGETED_DEVICE_FAMILY = "1,2";
				TEST_HOST = "$(BUILT_PRODUCTS_DIR)/DeepLinkLauncher.app/DeepLinkLauncher";
			};
			name = Release;
		};
		507A04DA2199F2D200117D8C /* Debug */ = {
			isa = XCBuildConfiguration;
			buildSettings = {
				ALWAYS_EMBED_SWIFT_STANDARD_LIBRARIES = YES;
				CODE_SIGN_STYLE = Automatic;
				INFOPLIST_FILE = DeepLinkLauncherUITests/Info.plist;
				LD_RUNPATH_SEARCH_PATHS = (
					"$(inherited)",
					"@executable_path/Frameworks",
					"@loader_path/Frameworks",
				);
				PRODUCT_BUNDLE_IDENTIFIER = com.chiramattel.ann.DeepLinkLauncherUITests;
				PRODUCT_NAME = "$(TARGET_NAME)";
				SWIFT_VERSION = 4.2;
				TARGETED_DEVICE_FAMILY = "1,2";
				TEST_TARGET_NAME = DeepLinkLauncher;
			};
			name = Debug;
		};
		507A04DB2199F2D200117D8C /* Release */ = {
			isa = XCBuildConfiguration;
			buildSettings = {
				ALWAYS_EMBED_SWIFT_STANDARD_LIBRARIES = YES;
				CODE_SIGN_STYLE = Automatic;
				INFOPLIST_FILE = DeepLinkLauncherUITests/Info.plist;
				LD_RUNPATH_SEARCH_PATHS = (
					"$(inherited)",
					"@executable_path/Frameworks",
					"@loader_path/Frameworks",
				);
				PRODUCT_BUNDLE_IDENTIFIER = com.chiramattel.ann.DeepLinkLauncherUITests;
				PRODUCT_NAME = "$(TARGET_NAME)";
				SWIFT_VERSION = 4.2;
				TARGETED_DEVICE_FAMILY = "1,2";
				TEST_TARGET_NAME = DeepLinkLauncher;
			};
			name = Release;
		};
/* End XCBuildConfiguration section */

/* Begin XCConfigurationList section */
		507A04A62199F2D000117D8C /* Build configuration list for PBXProject "DeepLinkLauncher" */ = {
			isa = XCConfigurationList;
			buildConfigurations = (
				507A04D12199F2D200117D8C /* Debug */,
				507A04D22199F2D200117D8C /* Release */,
			);
			defaultConfigurationIsVisible = 0;
			defaultConfigurationName = Release;
		};
		507A04D32199F2D200117D8C /* Build configuration list for PBXNativeTarget "DeepLinkLauncher" */ = {
			isa = XCConfigurationList;
			buildConfigurations = (
				507A04D42199F2D200117D8C /* Debug */,
				507A04D52199F2D200117D8C /* Release */,
			);
			defaultConfigurationIsVisible = 0;
			defaultConfigurationName = Release;
		};
		507A04D62199F2D200117D8C /* Build configuration list for PBXNativeTarget "DeepLinkLauncherTests" */ = {
			isa = XCConfigurationList;
			buildConfigurations = (
				507A04D72199F2D200117D8C /* Debug */,
				507A04D82199F2D200117D8C /* Release */,
			);
			defaultConfigurationIsVisible = 0;
			defaultConfigurationName = Release;
		};
		507A04D92199F2D200117D8C /* Build configuration list for PBXNativeTarget "DeepLinkLauncherUITests" */ = {
			isa = XCConfigurationList;
			buildConfigurations = (
				507A04DA2199F2D200117D8C /* Debug */,
				507A04DB2199F2D200117D8C /* Release */,
			);
			defaultConfigurationIsVisible = 0;
			defaultConfigurationName = Release;
		};
/* End XCConfigurationList section */
	};
	rootObject = 507A04A32199F2D000117D8C /* Project object */;
}
