// !$*UTF8*$!
{
	archiveVersion = 1;
	classes = {
	};
	objectVersion = 50;
	objects = {

/* Begin PBXBuildFile section */
		50EF8E6521B3254D0082F2EC /* AppDelegate.swift in Sources */ = {isa = PBXBuildFile; fileRef = 50EF8E6421B3254D0082F2EC /* AppDelegate.swift */; };
		50EF8E6721B3254D0082F2EC /* ViewController.swift in Sources */ = {isa = PBXBuildFile; fileRef = 50EF8E6621B3254D0082F2EC /* ViewController.swift */; };
		50EF8E6A21B3254D0082F2EC /* Main.storyboard in Resources */ = {isa = PBXBuildFile; fileRef = 50EF8E6821B3254D0082F2EC /* Main.storyboard */; };
		50EF8E6C21B3254E0082F2EC /* Assets.xcassets in Resources */ = {isa = PBXBuildFile; fileRef = 50EF8E6B21B3254E0082F2EC /* Assets.xcassets */; };
		50EF8E6F21B3254E0082F2EC /* LaunchScreen.storyboard in Resources */ = {isa = PBXBuildFile; fileRef = 50EF8E6D21B3254E0082F2EC /* LaunchScreen.storyboard */; };
		50EF8E7A21B3254E0082F2EC /* CollectionViewSampleTests.swift in Sources */ = {isa = PBXBuildFile; fileRef = 50EF8E7921B3254E0082F2EC /* CollectionViewSampleTests.swift */; };
		50EF8E8521B3254E0082F2EC /* CollectionViewSampleUITests.swift in Sources */ = {isa = PBXBuildFile; fileRef = 50EF8E8421B3254E0082F2EC /* CollectionViewSampleUITests.swift */; };
		50EF8E9321B328900082F2EC /* SimpleCell.swift in Sources */ = {isa = PBXBuildFile; fileRef = 50EF8E9221B328900082F2EC /* SimpleCell.swift */; };
		50EF8E9521B34A380082F2EC /* SimpleCellViewModel.swift in Sources */ = {isa = PBXBuildFile; fileRef = 50EF8E9421B34A380082F2EC /* SimpleCellViewModel.swift */; };
/* End PBXBuildFile section */

/* Begin PBXContainerItemProxy section */
		50EF8E7621B3254E0082F2EC /* PBXContainerItemProxy */ = {
			isa = PBXContainerItemProxy;
			containerPortal = 50EF8E5921B3254C0082F2EC /* Project object */;
			proxyType = 1;
			remoteGlobalIDString = 50EF8E6021B3254C0082F2EC;
			remoteInfo = CollectionViewSample;
		};
		50EF8E8121B3254E0082F2EC /* PBXContainerItemProxy */ = {
			isa = PBXContainerItemProxy;
			containerPortal = 50EF8E5921B3254C0082F2EC /* Project object */;
			proxyType = 1;
			remoteGlobalIDString = 50EF8E6021B3254C0082F2EC;
			remoteInfo = CollectionViewSample;
		};
/* End PBXContainerItemProxy section */

/* Begin PBXFileReference section */
		50EF8E6121B3254D0082F2EC /* CollectionViewSample.app */ = {isa = PBXFileReference; explicitFileType = wrapper.application; includeInIndex = 0; path = CollectionViewSample.app; sourceTree = BUILT_PRODUCTS_DIR; };
		50EF8E6421B3254D0082F2EC /* AppDelegate.swift */ = {isa = PBXFileReference; lastKnownFileType = sourcecode.swift; path = AppDelegate.swift; sourceTree = "<group>"; };
		50EF8E6621B3254D0082F2EC /* ViewController.swift */ = {isa = PBXFileReference; lastKnownFileType = sourcecode.swift; path = ViewController.swift; sourceTree = "<group>"; };
		50EF8E6921B3254D0082F2EC /* Base */ = {isa = PBXFileReference; lastKnownFileType = file.storyboard; name = Base; path = Base.lproj/Main.storyboard; sourceTree = "<group>"; };
		50EF8E6B21B3254E0082F2EC /* Assets.xcassets */ = {isa = PBXFileReference; lastKnownFileType = folder.assetcatalog; path = Assets.xcassets; sourceTree = "<group>"; };
		50EF8E6E21B3254E0082F2EC /* Base */ = {isa = PBXFileReference; lastKnownFileType = file.storyboard; name = Base; path = Base.lproj/LaunchScreen.storyboard; sourceTree = "<group>"; };
		50EF8E7021B3254E0082F2EC /* Info.plist */ = {isa = PBXFileReference; lastKnownFileType = text.plist.xml; path = Info.plist; sourceTree = "<group>"; };
		50EF8E7521B3254E0082F2EC /* CollectionViewSampleTests.xctest */ = {isa = PBXFileReference; explicitFileType = wrapper.cfbundle; includeInIndex = 0; path = CollectionViewSampleTests.xctest; sourceTree = BUILT_PRODUCTS_DIR; };
		50EF8E7921B3254E0082F2EC /* CollectionViewSampleTests.swift */ = {isa = PBXFileReference; lastKnownFileType = sourcecode.swift; path = CollectionViewSampleTests.swift; sourceTree = "<group>"; };
		50EF8E7B21B3254E0082F2EC /* Info.plist */ = {isa = PBXFileReference; lastKnownFileType = text.plist.xml; path = Info.plist; sourceTree = "<group>"; };
		50EF8E8021B3254E0082F2EC /* CollectionViewSampleUITests.xctest */ = {isa = PBXFileReference; explicitFileType = wrapper.cfbundle; includeInIndex = 0; path = CollectionViewSampleUITests.xctest; sourceTree = BUILT_PRODUCTS_DIR; };
		50EF8E8421B3254E0082F2EC /* CollectionViewSampleUITests.swift */ = {isa = PBXFileReference; lastKnownFileType = sourcecode.swift; path = CollectionViewSampleUITests.swift; sourceTree = "<group>"; };
		50EF8E8621B3254E0082F2EC /* Info.plist */ = {isa = PBXFileReference; lastKnownFileType = text.plist.xml; path = Info.plist; sourceTree = "<group>"; };
		50EF8E9221B328900082F2EC /* SimpleCell.swift */ = {isa = PBXFileReference; lastKnownFileType = sourcecode.swift; path = SimpleCell.swift; sourceTree = "<group>"; };
		50EF8E9421B34A380082F2EC /* SimpleCellViewModel.swift */ = {isa = PBXFileReference; lastKnownFileType = sourcecode.swift; path = SimpleCellViewModel.swift; sourceTree = "<group>"; };
/* End PBXFileReference section */

/* Begin PBXFrameworksBuildPhase section */
		50EF8E5E21B3254C0082F2EC /* Frameworks */ = {
			isa = PBXFrameworksBuildPhase;
			buildActionMask = 2147483647;
			files = (
			);
			runOnlyForDeploymentPostprocessing = 0;
		};
		50EF8E7221B3254E0082F2EC /* Frameworks */ = {
			isa = PBXFrameworksBuildPhase;
			buildActionMask = 2147483647;
			files = (
			);
			runOnlyForDeploymentPostprocessing = 0;
		};
		50EF8E7D21B3254E0082F2EC /* Frameworks */ = {
			isa = PBXFrameworksBuildPhase;
			buildActionMask = 2147483647;
			files = (
			);
			runOnlyForDeploymentPostprocessing = 0;
		};
/* End PBXFrameworksBuildPhase section */

/* Begin PBXGroup section */
		50EF8E5821B3254C0082F2EC = {
			isa = PBXGroup;
			children = (
				50EF8E6321B3254D0082F2EC /* CollectionViewSample */,
				50EF8E7821B3254E0082F2EC /* CollectionViewSampleTests */,
				50EF8E8321B3254E0082F2EC /* CollectionViewSampleUITests */,
				50EF8E6221B3254D0082F2EC /* Products */,
			);
			sourceTree = "<group>";
		};
		50EF8E6221B3254D0082F2EC /* Products */ = {
			isa = PBXGroup;
			children = (
				50EF8E6121B3254D0082F2EC /* CollectionViewSample.app */,
				50EF8E7521B3254E0082F2EC /* CollectionViewSampleTests.xctest */,
				50EF8E8021B3254E0082F2EC /* CollectionViewSampleUITests.xctest */,
			);
			name = Products;
			sourceTree = "<group>";
		};
		50EF8E6321B3254D0082F2EC /* CollectionViewSample */ = {
			isa = PBXGroup;
			children = (
				50EF8E6421B3254D0082F2EC /* AppDelegate.swift */,
				50EF8E9221B328900082F2EC /* SimpleCell.swift */,
				50EF8E9421B34A380082F2EC /* SimpleCellViewModel.swift */,
				50EF8E6621B3254D0082F2EC /* ViewController.swift */,
				50EF8E6821B3254D0082F2EC /* Main.storyboard */,
				50EF8E6B21B3254E0082F2EC /* Assets.xcassets */,
				50EF8E6D21B3254E0082F2EC /* LaunchScreen.storyboard */,
				50EF8E7021B3254E0082F2EC /* Info.plist */,
			);
			path = CollectionViewSample;
			sourceTree = "<group>";
		};
		50EF8E7821B3254E0082F2EC /* CollectionViewSampleTests */ = {
			isa = PBXGroup;
			children = (
				50EF8E7921B3254E0082F2EC /* CollectionViewSampleTests.swift */,
				50EF8E7B21B3254E0082F2EC /* Info.plist */,
			);
			path = CollectionViewSampleTests;
			sourceTree = "<group>";
		};
		50EF8E8321B3254E0082F2EC /* CollectionViewSampleUITests */ = {
			isa = PBXGroup;
			children = (
				50EF8E8421B3254E0082F2EC /* CollectionViewSampleUITests.swift */,
				50EF8E8621B3254E0082F2EC /* Info.plist */,
			);
			path = CollectionViewSampleUITests;
			sourceTree = "<group>";
		};
/* End PBXGroup section */

/* Begin PBXNativeTarget section */
		50EF8E6021B3254C0082F2EC /* CollectionViewSample */ = {
			isa = PBXNativeTarget;
			buildConfigurationList = 50EF8E8921B3254E0082F2EC /* Build configuration list for PBXNativeTarget "CollectionViewSample" */;
			buildPhases = (
				50EF8E5D21B3254C0082F2EC /* Sources */,
				50EF8E5E21B3254C0082F2EC /* Frameworks */,
				50EF8E5F21B3254C0082F2EC /* Resources */,
			);
			buildRules = (
			);
			dependencies = (
			);
			name = CollectionViewSample;
			productName = CollectionViewSample;
			productReference = 50EF8E6121B3254D0082F2EC /* CollectionViewSample.app */;
			productType = "com.apple.product-type.application";
		};
		50EF8E7421B3254E0082F2EC /* CollectionViewSampleTests */ = {
			isa = PBXNativeTarget;
			buildConfigurationList = 50EF8E8C21B3254E0082F2EC /* Build configuration list for PBXNativeTarget "CollectionViewSampleTests" */;
			buildPhases = (
				50EF8E7121B3254E0082F2EC /* Sources */,
				50EF8E7221B3254E0082F2EC /* Frameworks */,
				50EF8E7321B3254E0082F2EC /* Resources */,
			);
			buildRules = (
			);
			dependencies = (
				50EF8E7721B3254E0082F2EC /* PBXTargetDependency */,
			);
			name = CollectionViewSampleTests;
			productName = CollectionViewSampleTests;
			productReference = 50EF8E7521B3254E0082F2EC /* CollectionViewSampleTests.xctest */;
			productType = "com.apple.product-type.bundle.unit-test";
		};
		50EF8E7F21B3254E0082F2EC /* CollectionViewSampleUITests */ = {
			isa = PBXNativeTarget;
			buildConfigurationList = 50EF8E8F21B3254E0082F2EC /* Build configuration list for PBXNativeTarget "CollectionViewSampleUITests" */;
			buildPhases = (
				50EF8E7C21B3254E0082F2EC /* Sources */,
				50EF8E7D21B3254E0082F2EC /* Frameworks */,
				50EF8E7E21B3254E0082F2EC /* Resources */,
			);
			buildRules = (
			);
			dependencies = (
				50EF8E8221B3254E0082F2EC /* PBXTargetDependency */,
			);
			name = CollectionViewSampleUITests;
			productName = CollectionViewSampleUITests;
			productReference = 50EF8E8021B3254E0082F2EC /* CollectionViewSampleUITests.xctest */;
			productType = "com.apple.product-type.bundle.ui-testing";
		};
/* End PBXNativeTarget section */

/* Begin PBXProject section */
		50EF8E5921B3254C0082F2EC /* Project object */ = {
			isa = PBXProject;
			attributes = {
				LastSwiftUpdateCheck = 1010;
				LastUpgradeCheck = 1010;
				ORGANIZATIONNAME = Chiramattel;
				TargetAttributes = {
					50EF8E6021B3254C0082F2EC = {
						CreatedOnToolsVersion = 10.1;
					};
					50EF8E7421B3254E0082F2EC = {
						CreatedOnToolsVersion = 10.1;
						TestTargetID = 50EF8E6021B3254C0082F2EC;
					};
					50EF8E7F21B3254E0082F2EC = {
						CreatedOnToolsVersion = 10.1;
						TestTargetID = 50EF8E6021B3254C0082F2EC;
					};
				};
			};
			buildConfigurationList = 50EF8E5C21B3254C0082F2EC /* Build configuration list for PBXProject "CollectionViewSample" */;
			compatibilityVersion = "Xcode 9.3";
			developmentRegion = en;
			hasScannedForEncodings = 0;
			knownRegions = (
				en,
				Base,
			);
			mainGroup = 50EF8E5821B3254C0082F2EC;
			productRefGroup = 50EF8E6221B3254D0082F2EC /* Products */;
			projectDirPath = "";
			projectRoot = "";
			targets = (
				50EF8E6021B3254C0082F2EC /* CollectionViewSample */,
				50EF8E7421B3254E0082F2EC /* CollectionViewSampleTests */,
				50EF8E7F21B3254E0082F2EC /* CollectionViewSampleUITests */,
			);
		};
/* End PBXProject section */

/* Begin PBXResourcesBuildPhase section */
		50EF8E5F21B3254C0082F2EC /* Resources */ = {
			isa = PBXResourcesBuildPhase;
			buildActionMask = 2147483647;
			files = (
				50EF8E6F21B3254E0082F2EC /* LaunchScreen.storyboard in Resources */,
				50EF8E6C21B3254E0082F2EC /* Assets.xcassets in Resources */,
				50EF8E6A21B3254D0082F2EC /* Main.storyboard in Resources */,
			);
			runOnlyForDeploymentPostprocessing = 0;
		};
		50EF8E7321B3254E0082F2EC /* Resources */ = {
			isa = PBXResourcesBuildPhase;
			buildActionMask = 2147483647;
			files = (
			);
			runOnlyForDeploymentPostprocessing = 0;
		};
		50EF8E7E21B3254E0082F2EC /* Resources */ = {
			isa = PBXResourcesBuildPhase;
			buildActionMask = 2147483647;
			files = (
			);
			runOnlyForDeploymentPostprocessing = 0;
		};
/* End PBXResourcesBuildPhase section */

/* Begin PBXSourcesBuildPhase section */
		50EF8E5D21B3254C0082F2EC /* Sources */ = {
			isa = PBXSourcesBuildPhase;
			buildActionMask = 2147483647;
			files = (
				50EF8E6721B3254D0082F2EC /* ViewController.swift in Sources */,
				50EF8E6521B3254D0082F2EC /* AppDelegate.swift in Sources */,
				50EF8E9521B34A380082F2EC /* SimpleCellViewModel.swift in Sources */,
				50EF8E9321B328900082F2EC /* SimpleCell.swift in Sources */,
			);
			runOnlyForDeploymentPostprocessing = 0;
		};
		50EF8E7121B3254E0082F2EC /* Sources */ = {
			isa = PBXSourcesBuildPhase;
			buildActionMask = 2147483647;
			files = (
				50EF8E7A21B3254E0082F2EC /* CollectionViewSampleTests.swift in Sources */,
			);
			runOnlyForDeploymentPostprocessing = 0;
		};
		50EF8E7C21B3254E0082F2EC /* Sources */ = {
			isa = PBXSourcesBuildPhase;
			buildActionMask = 2147483647;
			files = (
				50EF8E8521B3254E0082F2EC /* CollectionViewSampleUITests.swift in Sources */,
			);
			runOnlyForDeploymentPostprocessing = 0;
		};
/* End PBXSourcesBuildPhase section */

/* Begin PBXTargetDependency section */
		50EF8E7721B3254E0082F2EC /* PBXTargetDependency */ = {
			isa = PBXTargetDependency;
			target = 50EF8E6021B3254C0082F2EC /* CollectionViewSample */;
			targetProxy = 50EF8E7621B3254E0082F2EC /* PBXContainerItemProxy */;
		};
		50EF8E8221B3254E0082F2EC /* PBXTargetDependency */ = {
			isa = PBXTargetDependency;
			target = 50EF8E6021B3254C0082F2EC /* CollectionViewSample */;
			targetProxy = 50EF8E8121B3254E0082F2EC /* PBXContainerItemProxy */;
		};
/* End PBXTargetDependency section */

/* Begin PBXVariantGroup section */
		50EF8E6821B3254D0082F2EC /* Main.storyboard */ = {
			isa = PBXVariantGroup;
			children = (
				50EF8E6921B3254D0082F2EC /* Base */,
			);
			name = Main.storyboard;
			sourceTree = "<group>";
		};
		50EF8E6D21B3254E0082F2EC /* LaunchScreen.storyboard */ = {
			isa = PBXVariantGroup;
			children = (
				50EF8E6E21B3254E0082F2EC /* Base */,
			);
			name = LaunchScreen.storyboard;
			sourceTree = "<group>";
		};
/* End PBXVariantGroup section */

/* Begin XCBuildConfiguration section */
		50EF8E8721B3254E0082F2EC /* Debug */ = {
			isa = XCBuildConfiguration;
			buildSettings = {
				ALWAYS_SEARCH_USER_PATHS = NO;
				CLANG_ANALYZER_NONNULL = YES;
				CLANG_ANALYZER_NUMBER_OBJECT_CONVERSION = YES_AGGRESSIVE;
				CLANG_CXX_LANGUAGE_STANDARD = "gnu++14";
				CLANG_CXX_LIBRARY = "libc++";
				CLANG_ENABLE_MODULES = YES;
				CLANG_ENABLE_OBJC_ARC = YES;
				CLANG_ENABLE_OBJC_WEAK = YES;
				CLANG_WARN_BLOCK_CAPTURE_AUTORELEASING = YES;
				CLANG_WARN_BOOL_CONVERSION = YES;
				CLANG_WARN_COMMA = YES;
				CLANG_WARN_CONSTANT_CONVERSION = YES;
				CLANG_WARN_DEPRECATED_OBJC_IMPLEMENTATIONS = YES;
				CLANG_WARN_DIRECT_OBJC_ISA_USAGE = YES_ERROR;
				CLANG_WARN_DOCUMENTATION_COMMENTS = YES;
				CLANG_WARN_EMPTY_BODY = YES;
				CLANG_WARN_ENUM_CONVERSION = YES;
				CLANG_WARN_INFINITE_RECURSION = YES;
				CLANG_WARN_INT_CONVERSION = YES;
				CLANG_WARN_NON_LITERAL_NULL_CONVERSION = YES;
				CLANG_WARN_OBJC_IMPLICIT_RETAIN_SELF = YES;
				CLANG_WARN_OBJC_LITERAL_CONVERSION = YES;
				CLANG_WARN_OBJC_ROOT_CLASS = YES_ERROR;
				CLANG_WARN_RANGE_LOOP_ANALYSIS = YES;
				CLANG_WARN_STRICT_PROTOTYPES = YES;
				CLANG_WARN_SUSPICIOUS_MOVE = YES;
				CLANG_WARN_UNGUARDED_AVAILABILITY = YES_AGGRESSIVE;
				CLANG_WARN_UNREACHABLE_CODE = YES;
				CLANG_WARN__DUPLICATE_METHOD_MATCH = YES;
				CODE_SIGN_IDENTITY = "iPhone Developer";
				COPY_PHASE_STRIP = NO;
				DEBUG_INFORMATION_FORMAT = dwarf;
				ENABLE_STRICT_OBJC_MSGSEND = YES;
				ENABLE_TESTABILITY = YES;
				GCC_C_LANGUAGE_STANDARD = gnu11;
				GCC_DYNAMIC_NO_PIC = NO;
				GCC_NO_COMMON_BLOCKS = YES;
				GCC_OPTIMIZATION_LEVEL = 0;
				GCC_PREPROCESSOR_DEFINITIONS = (
					"DEBUG=1",
					"$(inherited)",
				);
				GCC_WARN_64_TO_32_BIT_CONVERSION = YES;
				GCC_WARN_ABOUT_RETURN_TYPE = YES_ERROR;
				GCC_WARN_UNDECLARED_SELECTOR = YES;
				GCC_WARN_UNINITIALIZED_AUTOS = YES_AGGRESSIVE;
				GCC_WARN_UNUSED_FUNCTION = YES;
				GCC_WARN_UNUSED_VARIABLE = YES;
				IPHONEOS_DEPLOYMENT_TARGET = 12.1;
				MTL_ENABLE_DEBUG_INFO = INCLUDE_SOURCE;
				MTL_FAST_MATH = YES;
				ONLY_ACTIVE_ARCH = YES;
				SDKROOT = iphoneos;
				SWIFT_ACTIVE_COMPILATION_CONDITIONS = DEBUG;
				SWIFT_OPTIMIZATION_LEVEL = "-Onone";
			};
			name = Debug;
		};
		50EF8E8821B3254E0082F2EC /* Release */ = {
			isa = XCBuildConfiguration;
			buildSettings = {
				ALWAYS_SEARCH_USER_PATHS = NO;
				CLANG_ANALYZER_NONNULL = YES;
				CLANG_ANALYZER_NUMBER_OBJECT_CONVERSION = YES_AGGRESSIVE;
				CLANG_CXX_LANGUAGE_STANDARD = "gnu++14";
				CLANG_CXX_LIBRARY = "libc++";
				CLANG_ENABLE_MODULES = YES;
				CLANG_ENABLE_OBJC_ARC = YES;
				CLANG_ENABLE_OBJC_WEAK = YES;
				CLANG_WARN_BLOCK_CAPTURE_AUTORELEASING = YES;
				CLANG_WARN_BOOL_CONVERSION = YES;
				CLANG_WARN_COMMA = YES;
				CLANG_WARN_CONSTANT_CONVERSION = YES;
				CLANG_WARN_DEPRECATED_OBJC_IMPLEMENTATIONS = YES;
				CLANG_WARN_DIRECT_OBJC_ISA_USAGE = YES_ERROR;
				CLANG_WARN_DOCUMENTATION_COMMENTS = YES;
				CLANG_WARN_EMPTY_BODY = YES;
				CLANG_WARN_ENUM_CONVERSION = YES;
				CLANG_WARN_INFINITE_RECURSION = YES;
				CLANG_WARN_INT_CONVERSION = YES;
				CLANG_WARN_NON_LITERAL_NULL_CONVERSION = YES;
				CLANG_WARN_OBJC_IMPLICIT_RETAIN_SELF = YES;
				CLANG_WARN_OBJC_LITERAL_CONVERSION = YES;
				CLANG_WARN_OBJC_ROOT_CLASS = YES_ERROR;
				CLANG_WARN_RANGE_LOOP_ANALYSIS = YES;
				CLANG_WARN_STRICT_PROTOTYPES = YES;
				CLANG_WARN_SUSPICIOUS_MOVE = YES;
				CLANG_WARN_UNGUARDED_AVAILABILITY = YES_AGGRESSIVE;
				CLANG_WARN_UNREACHABLE_CODE = YES;
				CLANG_WARN__DUPLICATE_METHOD_MATCH = YES;
				CODE_SIGN_IDENTITY = "iPhone Developer";
				COPY_PHASE_STRIP = NO;
				DEBUG_INFORMATION_FORMAT = "dwarf-with-dsym";
				ENABLE_NS_ASSERTIONS = NO;
				ENABLE_STRICT_OBJC_MSGSEND = YES;
				GCC_C_LANGUAGE_STANDARD = gnu11;
				GCC_NO_COMMON_BLOCKS = YES;
				GCC_WARN_64_TO_32_BIT_CONVERSION = YES;
				GCC_WARN_ABOUT_RETURN_TYPE = YES_ERROR;
				GCC_WARN_UNDECLARED_SELECTOR = YES;
				GCC_WARN_UNINITIALIZED_AUTOS = YES_AGGRESSIVE;
				GCC_WARN_UNUSED_FUNCTION = YES;
				GCC_WARN_UNUSED_VARIABLE = YES;
				IPHONEOS_DEPLOYMENT_TARGET = 12.1;
				MTL_ENABLE_DEBUG_INFO = NO;
				MTL_FAST_MATH = YES;
				SDKROOT = iphoneos;
				SWIFT_COMPILATION_MODE = wholemodule;
				SWIFT_OPTIMIZATION_LEVEL = "-O";
				VALIDATE_PRODUCT = YES;
			};
			name = Release;
		};
		50EF8E8A21B3254E0082F2EC /* Debug */ = {
			isa = XCBuildConfiguration;
			buildSettings = {
				ASSETCATALOG_COMPILER_APPICON_NAME = AppIcon;
				CODE_SIGN_STYLE = Automatic;
				INFOPLIST_FILE = CollectionViewSample/Info.plist;
				LD_RUNPATH_SEARCH_PATHS = (
					"$(inherited)",
					"@executable_path/Frameworks",
				);
				PRODUCT_BUNDLE_IDENTIFIER = com.chiramattel.ann.CollectionViewSample;
				PRODUCT_NAME = "$(TARGET_NAME)";
				SWIFT_VERSION = 4.2;
				TARGETED_DEVICE_FAMILY = "1,2";
			};
			name = Debug;
		};
		50EF8E8B21B3254E0082F2EC /* Release */ = {
			isa = XCBuildConfiguration;
			buildSettings = {
				ASSETCATALOG_COMPILER_APPICON_NAME = AppIcon;
				CODE_SIGN_STYLE = Automatic;
				INFOPLIST_FILE = CollectionViewSample/Info.plist;
				LD_RUNPATH_SEARCH_PATHS = (
					"$(inherited)",
					"@executable_path/Frameworks",
				);
				PRODUCT_BUNDLE_IDENTIFIER = com.chiramattel.ann.CollectionViewSample;
				PRODUCT_NAME = "$(TARGET_NAME)";
				SWIFT_VERSION = 4.2;
				TARGETED_DEVICE_FAMILY = "1,2";
			};
			name = Release;
		};
		50EF8E8D21B3254E0082F2EC /* Debug */ = {
			isa = XCBuildConfiguration;
			buildSettings = {
				ALWAYS_EMBED_SWIFT_STANDARD_LIBRARIES = YES;
				BUNDLE_LOADER = "$(TEST_HOST)";
				CODE_SIGN_STYLE = Automatic;
				INFOPLIST_FILE = CollectionViewSampleTests/Info.plist;
				LD_RUNPATH_SEARCH_PATHS = (
					"$(inherited)",
					"@executable_path/Frameworks",
					"@loader_path/Frameworks",
				);
				PRODUCT_BUNDLE_IDENTIFIER = com.chiramattel.ann.CollectionViewSampleTests;
				PRODUCT_NAME = "$(TARGET_NAME)";
				SWIFT_VERSION = 4.2;
				TARGETED_DEVICE_FAMILY = "1,2";
				TEST_HOST = "$(BUILT_PRODUCTS_DIR)/CollectionViewSample.app/CollectionViewSample";
			};
			name = Debug;
		};
		50EF8E8E21B3254E0082F2EC /* Release */ = {
			isa = XCBuildConfiguration;
			buildSettings = {
				ALWAYS_EMBED_SWIFT_STANDARD_LIBRARIES = YES;
				BUNDLE_LOADER = "$(TEST_HOST)";
				CODE_SIGN_STYLE = Automatic;
				INFOPLIST_FILE = CollectionViewSampleTests/Info.plist;
				LD_RUNPATH_SEARCH_PATHS = (
					"$(inherited)",
					"@executable_path/Frameworks",
					"@loader_path/Frameworks",
				);
				PRODUCT_BUNDLE_IDENTIFIER = com.chiramattel.ann.CollectionViewSampleTests;
				PRODUCT_NAME = "$(TARGET_NAME)";
				SWIFT_VERSION = 4.2;
				TARGETED_DEVICE_FAMILY = "1,2";
				TEST_HOST = "$(BUILT_PRODUCTS_DIR)/CollectionViewSample.app/CollectionViewSample";
			};
			name = Release;
		};
		50EF8E9021B3254E0082F2EC /* Debug */ = {
			isa = XCBuildConfiguration;
			buildSettings = {
				ALWAYS_EMBED_SWIFT_STANDARD_LIBRARIES = YES;
				CODE_SIGN_STYLE = Automatic;
				INFOPLIST_FILE = CollectionViewSampleUITests/Info.plist;
				LD_RUNPATH_SEARCH_PATHS = (
					"$(inherited)",
					"@executable_path/Frameworks",
					"@loader_path/Frameworks",
				);
				PRODUCT_BUNDLE_IDENTIFIER = com.chiramattel.ann.CollectionViewSampleUITests;
				PRODUCT_NAME = "$(TARGET_NAME)";
				SWIFT_VERSION = 4.2;
				TARGETED_DEVICE_FAMILY = "1,2";
				TEST_TARGET_NAME = CollectionViewSample;
			};
			name = Debug;
		};
		50EF8E9121B3254E0082F2EC /* Release */ = {
			isa = XCBuildConfiguration;
			buildSettings = {
				ALWAYS_EMBED_SWIFT_STANDARD_LIBRARIES = YES;
				CODE_SIGN_STYLE = Automatic;
				INFOPLIST_FILE = CollectionViewSampleUITests/Info.plist;
				LD_RUNPATH_SEARCH_PATHS = (
					"$(inherited)",
					"@executable_path/Frameworks",
					"@loader_path/Frameworks",
				);
				PRODUCT_BUNDLE_IDENTIFIER = com.chiramattel.ann.CollectionViewSampleUITests;
				PRODUCT_NAME = "$(TARGET_NAME)";
				SWIFT_VERSION = 4.2;
				TARGETED_DEVICE_FAMILY = "1,2";
				TEST_TARGET_NAME = CollectionViewSample;
			};
			name = Release;
		};
/* End XCBuildConfiguration section */

/* Begin XCConfigurationList section */
		50EF8E5C21B3254C0082F2EC /* Build configuration list for PBXProject "CollectionViewSample" */ = {
			isa = XCConfigurationList;
			buildConfigurations = (
				50EF8E8721B3254E0082F2EC /* Debug */,
				50EF8E8821B3254E0082F2EC /* Release */,
			);
			defaultConfigurationIsVisible = 0;
			defaultConfigurationName = Release;
		};
		50EF8E8921B3254E0082F2EC /* Build configuration list for PBXNativeTarget "CollectionViewSample" */ = {
			isa = XCConfigurationList;
			buildConfigurations = (
				50EF8E8A21B3254E0082F2EC /* Debug */,
				50EF8E8B21B3254E0082F2EC /* Release */,
			);
			defaultConfigurationIsVisible = 0;
			defaultConfigurationName = Release;
		};
		50EF8E8C21B3254E0082F2EC /* Build configuration list for PBXNativeTarget "CollectionViewSampleTests" */ = {
			isa = XCConfigurationList;
			buildConfigurations = (
				50EF8E8D21B3254E0082F2EC /* Debug */,
				50EF8E8E21B3254E0082F2EC /* Release */,
			);
			defaultConfigurationIsVisible = 0;
			defaultConfigurationName = Release;
		};
		50EF8E8F21B3254E0082F2EC /* Build configuration list for PBXNativeTarget "CollectionViewSampleUITests" */ = {
			isa = XCConfigurationList;
			buildConfigurations = (
				50EF8E9021B3254E0082F2EC /* Debug */,
				50EF8E9121B3254E0082F2EC /* Release */,
			);
			defaultConfigurationIsVisible = 0;
			defaultConfigurationName = Release;
		};
/* End XCConfigurationList section */
	};
	rootObject = 50EF8E5921B3254C0082F2EC /* Project object */;
}
