// !$*UTF8*$!
{
	archiveVersion = 1;
	classes = {
	};
	objectVersion = 50;
	objects = {

/* Begin PBXBuildFile section */
		058EC5CF9C1D9969653AF1B9 /* Pods_URLSessionMockerSample_URLSessionMockerSampleTests.framework in Frameworks */ = {isa = PBXBuildFile; fileRef = 7CC6F949281E42541A098E59 /* Pods_URLSessionMockerSample_URLSessionMockerSampleTests.framework */; };
		10A8C7145A5855CAF18E1738 /* libPods-URLSessionMockerSampleTests.a in Frameworks */ = {isa = PBXBuildFile; fileRef = D2380EC6A73932A717EB9D5C /* libPods-URLSessionMockerSampleTests.a */; };
		50D014E421A09451000CA4C8 /* AppDelegate.swift in Sources */ = {isa = PBXBuildFile; fileRef = 50D014E321A09451000CA4C8 /* AppDelegate.swift */; };
		50D014E621A09451000CA4C8 /* ViewController.swift in Sources */ = {isa = PBXBuildFile; fileRef = 50D014E521A09451000CA4C8 /* ViewController.swift */; };
		50D014E921A09451000CA4C8 /* Main.storyboard in Resources */ = {isa = PBXBuildFile; fileRef = 50D014E721A09451000CA4C8 /* Main.storyboard */; };
		50D014EB21A09451000CA4C8 /* Assets.xcassets in Resources */ = {isa = PBXBuildFile; fileRef = 50D014EA21A09451000CA4C8 /* Assets.xcassets */; };
		50D014EE21A09451000CA4C8 /* LaunchScreen.storyboard in Resources */ = {isa = PBXBuildFile; fileRef = 50D014EC21A09451000CA4C8 /* LaunchScreen.storyboard */; };
		50D014F921A09451000CA4C8 /* URLSessionMockerSampleTests.swift in Sources */ = {isa = PBXBuildFile; fileRef = 50D014F821A09451000CA4C8 /* URLSessionMockerSampleTests.swift */; };
		50D0150421A09451000CA4C8 /* URLSessionMockerSampleUITests.swift in Sources */ = {isa = PBXBuildFile; fileRef = 50D0150321A09451000CA4C8 /* URLSessionMockerSampleUITests.swift */; };
		50D0155B21A0F232000CA4C8 /* Resources in Resources */ = {isa = PBXBuildFile; fileRef = 50D0155A21A0F232000CA4C8 /* Resources */; };
		51AB2740DFA854BD6359E5E7 /* libPods-URLSessionMockerSampleUITests.a in Frameworks */ = {isa = PBXBuildFile; fileRef = 21D011AF0DD84B4DCB181884 /* libPods-URLSessionMockerSampleUITests.a */; };
		95A536966240442F4AF8E594 /* Pods_URLSessionMockerSample.framework in Frameworks */ = {isa = PBXBuildFile; fileRef = 9CBE5D825E9FC1B6CB901E7C /* Pods_URLSessionMockerSample.framework */; };
/* End PBXBuildFile section */

/* Begin PBXContainerItemProxy section */
		50D014F521A09451000CA4C8 /* PBXContainerItemProxy */ = {
			isa = PBXContainerItemProxy;
			containerPortal = 50D014D821A09451000CA4C8 /* Project object */;
			proxyType = 1;
			remoteGlobalIDString = 50D014DF21A09451000CA4C8;
			remoteInfo = URLSessionMockerSample;
		};
		50D0150021A09451000CA4C8 /* PBXContainerItemProxy */ = {
			isa = PBXContainerItemProxy;
			containerPortal = 50D014D821A09451000CA4C8 /* Project object */;
			proxyType = 1;
			remoteGlobalIDString = 50D014DF21A09451000CA4C8;
			remoteInfo = URLSessionMockerSample;
		};
/* End PBXContainerItemProxy section */

/* Begin PBXFileReference section */
		011A6570838E79D72A77E1AB /* Pods-URLSessionMockerSample.debug.xcconfig */ = {isa = PBXFileReference; includeInIndex = 1; lastKnownFileType = text.xcconfig; name = "Pods-URLSessionMockerSample.debug.xcconfig"; path = "Pods/Target Support Files/Pods-URLSessionMockerSample/Pods-URLSessionMockerSample.debug.xcconfig"; sourceTree = "<group>"; };
		21D011AF0DD84B4DCB181884 /* libPods-URLSessionMockerSampleUITests.a */ = {isa = PBXFileReference; explicitFileType = archive.ar; includeInIndex = 0; path = "libPods-URLSessionMockerSampleUITests.a"; sourceTree = BUILT_PRODUCTS_DIR; };
		368C226303C955FAE9724C20 /* Pods-URLSessionMockerSample-URLSessionMockerSampleTests.debug.xcconfig */ = {isa = PBXFileReference; includeInIndex = 1; lastKnownFileType = text.xcconfig; name = "Pods-URLSessionMockerSample-URLSessionMockerSampleTests.debug.xcconfig"; path = "Pods/Target Support Files/Pods-URLSessionMockerSample-URLSessionMockerSampleTests/Pods-URLSessionMockerSample-URLSessionMockerSampleTests.debug.xcconfig"; sourceTree = "<group>"; };
		3EB6A5098ED85B296A00EC66 /* Pods-URLSessionMockerSampleUITests.release.xcconfig */ = {isa = PBXFileReference; includeInIndex = 1; lastKnownFileType = text.xcconfig; name = "Pods-URLSessionMockerSampleUITests.release.xcconfig"; path = "Pods/Target Support Files/Pods-URLSessionMockerSampleUITests/Pods-URLSessionMockerSampleUITests.release.xcconfig"; sourceTree = "<group>"; };
		50D014E021A09451000CA4C8 /* URLSessionMockerSample.app */ = {isa = PBXFileReference; explicitFileType = wrapper.application; includeInIndex = 0; path = URLSessionMockerSample.app; sourceTree = BUILT_PRODUCTS_DIR; };
		50D014E321A09451000CA4C8 /* AppDelegate.swift */ = {isa = PBXFileReference; lastKnownFileType = sourcecode.swift; path = AppDelegate.swift; sourceTree = "<group>"; };
		50D014E521A09451000CA4C8 /* ViewController.swift */ = {isa = PBXFileReference; lastKnownFileType = sourcecode.swift; path = ViewController.swift; sourceTree = "<group>"; };
		50D014E821A09451000CA4C8 /* Base */ = {isa = PBXFileReference; lastKnownFileType = file.storyboard; name = Base; path = Base.lproj/Main.storyboard; sourceTree = "<group>"; };
		50D014EA21A09451000CA4C8 /* Assets.xcassets */ = {isa = PBXFileReference; lastKnownFileType = folder.assetcatalog; path = Assets.xcassets; sourceTree = "<group>"; };
		50D014ED21A09451000CA4C8 /* Base */ = {isa = PBXFileReference; lastKnownFileType = file.storyboard; name = Base; path = Base.lproj/LaunchScreen.storyboard; sourceTree = "<group>"; };
		50D014EF21A09451000CA4C8 /* Info.plist */ = {isa = PBXFileReference; lastKnownFileType = text.plist.xml; path = Info.plist; sourceTree = "<group>"; };
		50D014F421A09451000CA4C8 /* URLSessionMockerSampleTests.xctest */ = {isa = PBXFileReference; explicitFileType = wrapper.cfbundle; includeInIndex = 0; path = URLSessionMockerSampleTests.xctest; sourceTree = BUILT_PRODUCTS_DIR; };
		50D014F821A09451000CA4C8 /* URLSessionMockerSampleTests.swift */ = {isa = PBXFileReference; lastKnownFileType = sourcecode.swift; path = URLSessionMockerSampleTests.swift; sourceTree = "<group>"; };
		50D014FA21A09451000CA4C8 /* Info.plist */ = {isa = PBXFileReference; lastKnownFileType = text.plist.xml; path = Info.plist; sourceTree = "<group>"; };
		50D014FF21A09451000CA4C8 /* URLSessionMockerSampleUITests.xctest */ = {isa = PBXFileReference; explicitFileType = wrapper.cfbundle; includeInIndex = 0; path = URLSessionMockerSampleUITests.xctest; sourceTree = BUILT_PRODUCTS_DIR; };
		50D0150321A09451000CA4C8 /* URLSessionMockerSampleUITests.swift */ = {isa = PBXFileReference; lastKnownFileType = sourcecode.swift; path = URLSessionMockerSampleUITests.swift; sourceTree = "<group>"; };
		50D0150521A09451000CA4C8 /* Info.plist */ = {isa = PBXFileReference; lastKnownFileType = text.plist.xml; path = Info.plist; sourceTree = "<group>"; };
		50D0155A21A0F232000CA4C8 /* Resources */ = {isa = PBXFileReference; lastKnownFileType = folder; path = Resources; sourceTree = "<group>"; };
		73134D33189AFB7D180B9D2A /* Pods-URLSessionMockerSampleTests.release.xcconfig */ = {isa = PBXFileReference; includeInIndex = 1; lastKnownFileType = text.xcconfig; name = "Pods-URLSessionMockerSampleTests.release.xcconfig"; path = "Pods/Target Support Files/Pods-URLSessionMockerSampleTests/Pods-URLSessionMockerSampleTests.release.xcconfig"; sourceTree = "<group>"; };
		7CC6F949281E42541A098E59 /* Pods_URLSessionMockerSample_URLSessionMockerSampleTests.framework */ = {isa = PBXFileReference; explicitFileType = wrapper.framework; includeInIndex = 0; path = Pods_URLSessionMockerSample_URLSessionMockerSampleTests.framework; sourceTree = BUILT_PRODUCTS_DIR; };
		811901A8DE9104EFB6D0B321 /* Pods-URLSessionMockerSample-URLSessionMockerSampleTests.release.xcconfig */ = {isa = PBXFileReference; includeInIndex = 1; lastKnownFileType = text.xcconfig; name = "Pods-URLSessionMockerSample-URLSessionMockerSampleTests.release.xcconfig"; path = "Pods/Target Support Files/Pods-URLSessionMockerSample-URLSessionMockerSampleTests/Pods-URLSessionMockerSample-URLSessionMockerSampleTests.release.xcconfig"; sourceTree = "<group>"; };
		9CBE5D825E9FC1B6CB901E7C /* Pods_URLSessionMockerSample.framework */ = {isa = PBXFileReference; explicitFileType = wrapper.framework; includeInIndex = 0; path = Pods_URLSessionMockerSample.framework; sourceTree = BUILT_PRODUCTS_DIR; };
		BF06ECDD780A29CD609AA2BF /* Pods-URLSessionMockerSampleTests.debug.xcconfig */ = {isa = PBXFileReference; includeInIndex = 1; lastKnownFileType = text.xcconfig; name = "Pods-URLSessionMockerSampleTests.debug.xcconfig"; path = "Pods/Target Support Files/Pods-URLSessionMockerSampleTests/Pods-URLSessionMockerSampleTests.debug.xcconfig"; sourceTree = "<group>"; };
		C72EB2AD28194D386F1122AF /* Pods-URLSessionMockerSampleUITests.debug.xcconfig */ = {isa = PBXFileReference; includeInIndex = 1; lastKnownFileType = text.xcconfig; name = "Pods-URLSessionMockerSampleUITests.debug.xcconfig"; path = "Pods/Target Support Files/Pods-URLSessionMockerSampleUITests/Pods-URLSessionMockerSampleUITests.debug.xcconfig"; sourceTree = "<group>"; };
		D2380EC6A73932A717EB9D5C /* libPods-URLSessionMockerSampleTests.a */ = {isa = PBXFileReference; explicitFileType = archive.ar; includeInIndex = 0; path = "libPods-URLSessionMockerSampleTests.a"; sourceTree = BUILT_PRODUCTS_DIR; };
		EBCC8538480255B11F06B34A /* Pods-URLSessionMockerSample.release.xcconfig */ = {isa = PBXFileReference; includeInIndex = 1; lastKnownFileType = text.xcconfig; name = "Pods-URLSessionMockerSample.release.xcconfig"; path = "Pods/Target Support Files/Pods-URLSessionMockerSample/Pods-URLSessionMockerSample.release.xcconfig"; sourceTree = "<group>"; };
/* End PBXFileReference section */

/* Begin PBXFrameworksBuildPhase section */
		50D014DD21A09451000CA4C8 /* Frameworks */ = {
			isa = PBXFrameworksBuildPhase;
			buildActionMask = 2147483647;
			files = (
				95A536966240442F4AF8E594 /* Pods_URLSessionMockerSample.framework in Frameworks */,
			);
			runOnlyForDeploymentPostprocessing = 0;
		};
		50D014F121A09451000CA4C8 /* Frameworks */ = {
			isa = PBXFrameworksBuildPhase;
			buildActionMask = 2147483647;
			files = (
				058EC5CF9C1D9969653AF1B9 /* Pods_URLSessionMockerSample_URLSessionMockerSampleTests.framework in Frameworks */,
				10A8C7145A5855CAF18E1738 /* libPods-URLSessionMockerSampleTests.a in Frameworks */,
			);
			runOnlyForDeploymentPostprocessing = 0;
		};
		50D014FC21A09451000CA4C8 /* Frameworks */ = {
			isa = PBXFrameworksBuildPhase;
			buildActionMask = 2147483647;
			files = (
				51AB2740DFA854BD6359E5E7 /* libPods-URLSessionMockerSampleUITests.a in Frameworks */,
			);
			runOnlyForDeploymentPostprocessing = 0;
		};
/* End PBXFrameworksBuildPhase section */

/* Begin PBXGroup section */
		3948F9D90DB02AD72EEA4A2E /* Pods */ = {
			isa = PBXGroup;
			children = (
				011A6570838E79D72A77E1AB /* Pods-URLSessionMockerSample.debug.xcconfig */,
				EBCC8538480255B11F06B34A /* Pods-URLSessionMockerSample.release.xcconfig */,
				BF06ECDD780A29CD609AA2BF /* Pods-URLSessionMockerSampleTests.debug.xcconfig */,
				73134D33189AFB7D180B9D2A /* Pods-URLSessionMockerSampleTests.release.xcconfig */,
				C72EB2AD28194D386F1122AF /* Pods-URLSessionMockerSampleUITests.debug.xcconfig */,
				3EB6A5098ED85B296A00EC66 /* Pods-URLSessionMockerSampleUITests.release.xcconfig */,
				368C226303C955FAE9724C20 /* Pods-URLSessionMockerSample-URLSessionMockerSampleTests.debug.xcconfig */,
				811901A8DE9104EFB6D0B321 /* Pods-URLSessionMockerSample-URLSessionMockerSampleTests.release.xcconfig */,
			);
			name = Pods;
			sourceTree = "<group>";
		};
		50D014D721A09451000CA4C8 = {
			isa = PBXGroup;
			children = (
				50D014E221A09451000CA4C8 /* URLSessionMockerSample */,
				50D014F721A09451000CA4C8 /* URLSessionMockerSampleTests */,
				50D0150221A09451000CA4C8 /* URLSessionMockerSampleUITests */,
				50D014E121A09451000CA4C8 /* Products */,
				3948F9D90DB02AD72EEA4A2E /* Pods */,
				C25D28E4DE2C75B20D98AA0A /* Frameworks */,
			);
			sourceTree = "<group>";
		};
		50D014E121A09451000CA4C8 /* Products */ = {
			isa = PBXGroup;
			children = (
				50D014E021A09451000CA4C8 /* URLSessionMockerSample.app */,
				50D014F421A09451000CA4C8 /* URLSessionMockerSampleTests.xctest */,
				50D014FF21A09451000CA4C8 /* URLSessionMockerSampleUITests.xctest */,
			);
			name = Products;
			sourceTree = "<group>";
		};
		50D014E221A09451000CA4C8 /* URLSessionMockerSample */ = {
			isa = PBXGroup;
			children = (
				50D014E321A09451000CA4C8 /* AppDelegate.swift */,
				50D014E521A09451000CA4C8 /* ViewController.swift */,
				50D014E721A09451000CA4C8 /* Main.storyboard */,
				50D014EA21A09451000CA4C8 /* Assets.xcassets */,
				50D014EC21A09451000CA4C8 /* LaunchScreen.storyboard */,
				50D014EF21A09451000CA4C8 /* Info.plist */,
			);
			path = URLSessionMockerSample;
			sourceTree = "<group>";
		};
		50D014F721A09451000CA4C8 /* URLSessionMockerSampleTests */ = {
			isa = PBXGroup;
			children = (
				50D0155A21A0F232000CA4C8 /* Resources */,
				50D014F821A09451000CA4C8 /* URLSessionMockerSampleTests.swift */,
				50D014FA21A09451000CA4C8 /* Info.plist */,
			);
			path = URLSessionMockerSampleTests;
			sourceTree = "<group>";
		};
		50D0150221A09451000CA4C8 /* URLSessionMockerSampleUITests */ = {
			isa = PBXGroup;
			children = (
				50D0150321A09451000CA4C8 /* URLSessionMockerSampleUITests.swift */,
				50D0150521A09451000CA4C8 /* Info.plist */,
			);
			path = URLSessionMockerSampleUITests;
			sourceTree = "<group>";
		};
		C25D28E4DE2C75B20D98AA0A /* Frameworks */ = {
			isa = PBXGroup;
			children = (
				9CBE5D825E9FC1B6CB901E7C /* Pods_URLSessionMockerSample.framework */,
				7CC6F949281E42541A098E59 /* Pods_URLSessionMockerSample_URLSessionMockerSampleTests.framework */,
				D2380EC6A73932A717EB9D5C /* libPods-URLSessionMockerSampleTests.a */,
				21D011AF0DD84B4DCB181884 /* libPods-URLSessionMockerSampleUITests.a */,
			);
			name = Frameworks;
			sourceTree = "<group>";
		};
/* End PBXGroup section */

/* Begin PBXNativeTarget section */
		50D014DF21A09451000CA4C8 /* URLSessionMockerSample */ = {
			isa = PBXNativeTarget;
			buildConfigurationList = 50D0150821A09451000CA4C8 /* Build configuration list for PBXNativeTarget "URLSessionMockerSample" */;
			buildPhases = (
				76EC621B5162CD6A45EF82C9 /* [CP] Check Pods Manifest.lock */,
				50D014DC21A09451000CA4C8 /* Sources */,
				50D014DD21A09451000CA4C8 /* Frameworks */,
				50D014DE21A09451000CA4C8 /* Resources */,
			);
			buildRules = (
			);
			dependencies = (
			);
			name = URLSessionMockerSample;
			productName = URLSessionMockerSample;
			productReference = 50D014E021A09451000CA4C8 /* URLSessionMockerSample.app */;
			productType = "com.apple.product-type.application";
		};
		50D014F321A09451000CA4C8 /* URLSessionMockerSampleTests */ = {
			isa = PBXNativeTarget;
			buildConfigurationList = 50D0150B21A09451000CA4C8 /* Build configuration list for PBXNativeTarget "URLSessionMockerSampleTests" */;
			buildPhases = (
				AEBE0C574EE7CE1EA8CD2228 /* [CP] Check Pods Manifest.lock */,
				50D014F021A09451000CA4C8 /* Sources */,
				50D014F121A09451000CA4C8 /* Frameworks */,
				50D014F221A09451000CA4C8 /* Resources */,
			);
			buildRules = (
			);
			dependencies = (
				50D014F621A09451000CA4C8 /* PBXTargetDependency */,
			);
			name = URLSessionMockerSampleTests;
			productName = URLSessionMockerSampleTests;
			productReference = 50D014F421A09451000CA4C8 /* URLSessionMockerSampleTests.xctest */;
			productType = "com.apple.product-type.bundle.unit-test";
		};
		50D014FE21A09451000CA4C8 /* URLSessionMockerSampleUITests */ = {
			isa = PBXNativeTarget;
			buildConfigurationList = 50D0150E21A09451000CA4C8 /* Build configuration list for PBXNativeTarget "URLSessionMockerSampleUITests" */;
			buildPhases = (
				26827ED7C77F16EEA941D1A0 /* [CP] Check Pods Manifest.lock */,
				50D014FB21A09451000CA4C8 /* Sources */,
				50D014FC21A09451000CA4C8 /* Frameworks */,
				50D014FD21A09451000CA4C8 /* Resources */,
			);
			buildRules = (
			);
			dependencies = (
				50D0150121A09451000CA4C8 /* PBXTargetDependency */,
			);
			name = URLSessionMockerSampleUITests;
			productName = URLSessionMockerSampleUITests;
			productReference = 50D014FF21A09451000CA4C8 /* URLSessionMockerSampleUITests.xctest */;
			productType = "com.apple.product-type.bundle.ui-testing";
		};
/* End PBXNativeTarget section */

/* Begin PBXProject section */
		50D014D821A09451000CA4C8 /* Project object */ = {
			isa = PBXProject;
			attributes = {
				LastSwiftUpdateCheck = 1010;
				LastUpgradeCheck = 1010;
				ORGANIZATIONNAME = Chiramattel;
				TargetAttributes = {
					50D014DF21A09451000CA4C8 = {
						CreatedOnToolsVersion = 10.1;
					};
					50D014F321A09451000CA4C8 = {
						CreatedOnToolsVersion = 10.1;
						TestTargetID = 50D014DF21A09451000CA4C8;
					};
					50D014FE21A09451000CA4C8 = {
						CreatedOnToolsVersion = 10.1;
						TestTargetID = 50D014DF21A09451000CA4C8;
					};
				};
			};
			buildConfigurationList = 50D014DB21A09451000CA4C8 /* Build configuration list for PBXProject "URLSessionMockerSample" */;
			compatibilityVersion = "Xcode 9.3";
			developmentRegion = en;
			hasScannedForEncodings = 0;
			knownRegions = (
				en,
				Base,
			);
			mainGroup = 50D014D721A09451000CA4C8;
			productRefGroup = 50D014E121A09451000CA4C8 /* Products */;
			projectDirPath = "";
			projectRoot = "";
			targets = (
				50D014DF21A09451000CA4C8 /* URLSessionMockerSample */,
				50D014F321A09451000CA4C8 /* URLSessionMockerSampleTests */,
				50D014FE21A09451000CA4C8 /* URLSessionMockerSampleUITests */,
			);
		};
/* End PBXProject section */

/* Begin PBXResourcesBuildPhase section */
		50D014DE21A09451000CA4C8 /* Resources */ = {
			isa = PBXResourcesBuildPhase;
			buildActionMask = 2147483647;
			files = (
				50D014EE21A09451000CA4C8 /* LaunchScreen.storyboard in Resources */,
				50D014EB21A09451000CA4C8 /* Assets.xcassets in Resources */,
				50D014E921A09451000CA4C8 /* Main.storyboard in Resources */,
			);
			runOnlyForDeploymentPostprocessing = 0;
		};
		50D014F221A09451000CA4C8 /* Resources */ = {
			isa = PBXResourcesBuildPhase;
			buildActionMask = 2147483647;
			files = (
				50D0155B21A0F232000CA4C8 /* Resources in Resources */,
			);
			runOnlyForDeploymentPostprocessing = 0;
		};
		50D014FD21A09451000CA4C8 /* Resources */ = {
			isa = PBXResourcesBuildPhase;
			buildActionMask = 2147483647;
			files = (
			);
			runOnlyForDeploymentPostprocessing = 0;
		};
/* End PBXResourcesBuildPhase section */

/* Begin PBXShellScriptBuildPhase section */
		26827ED7C77F16EEA941D1A0 /* [CP] Check Pods Manifest.lock */ = {
			isa = PBXShellScriptBuildPhase;
			buildActionMask = 2147483647;
			files = (
			);
			inputFileListPaths = (
			);
			inputPaths = (
				"${PODS_PODFILE_DIR_PATH}/Podfile.lock",
				"${PODS_ROOT}/Manifest.lock",
			);
			name = "[CP] Check Pods Manifest.lock";
			outputFileListPaths = (
			);
			outputPaths = (
				"$(DERIVED_FILE_DIR)/Pods-URLSessionMockerSampleUITests-checkManifestLockResult.txt",
			);
			runOnlyForDeploymentPostprocessing = 0;
			shellPath = /bin/sh;
			shellScript = "diff \"${PODS_PODFILE_DIR_PATH}/Podfile.lock\" \"${PODS_ROOT}/Manifest.lock\" > /dev/null\nif [ $? != 0 ] ; then\n    # print error to STDERR\n    echo \"error: The sandbox is not in sync with the Podfile.lock. Run 'pod install' or update your CocoaPods installation.\" >&2\n    exit 1\nfi\n# This output is used by Xcode 'outputs' to avoid re-running this script phase.\necho \"SUCCESS\" > \"${SCRIPT_OUTPUT_FILE_0}\"\n";
			showEnvVarsInLog = 0;
		};
		76EC621B5162CD6A45EF82C9 /* [CP] Check Pods Manifest.lock */ = {
			isa = PBXShellScriptBuildPhase;
			buildActionMask = 2147483647;
			files = (
			);
			inputFileListPaths = (
			);
			inputPaths = (
				"${PODS_PODFILE_DIR_PATH}/Podfile.lock",
				"${PODS_ROOT}/Manifest.lock",
			);
			name = "[CP] Check Pods Manifest.lock";
			outputFileListPaths = (
			);
			outputPaths = (
				"$(DERIVED_FILE_DIR)/Pods-URLSessionMockerSample-checkManifestLockResult.txt",
			);
			runOnlyForDeploymentPostprocessing = 0;
			shellPath = /bin/sh;
			shellScript = "diff \"${PODS_PODFILE_DIR_PATH}/Podfile.lock\" \"${PODS_ROOT}/Manifest.lock\" > /dev/null\nif [ $? != 0 ] ; then\n    # print error to STDERR\n    echo \"error: The sandbox is not in sync with the Podfile.lock. Run 'pod install' or update your CocoaPods installation.\" >&2\n    exit 1\nfi\n# This output is used by Xcode 'outputs' to avoid re-running this script phase.\necho \"SUCCESS\" > \"${SCRIPT_OUTPUT_FILE_0}\"\n";
			showEnvVarsInLog = 0;
		};
		AEBE0C574EE7CE1EA8CD2228 /* [CP] Check Pods Manifest.lock */ = {
			isa = PBXShellScriptBuildPhase;
			buildActionMask = 2147483647;
			files = (
			);
			inputFileListPaths = (
			);
			inputPaths = (
				"${PODS_PODFILE_DIR_PATH}/Podfile.lock",
				"${PODS_ROOT}/Manifest.lock",
			);
			name = "[CP] Check Pods Manifest.lock";
			outputFileListPaths = (
			);
			outputPaths = (
				"$(DERIVED_FILE_DIR)/Pods-URLSessionMockerSampleTests-checkManifestLockResult.txt",
			);
			runOnlyForDeploymentPostprocessing = 0;
			shellPath = /bin/sh;
			shellScript = "diff \"${PODS_PODFILE_DIR_PATH}/Podfile.lock\" \"${PODS_ROOT}/Manifest.lock\" > /dev/null\nif [ $? != 0 ] ; then\n    # print error to STDERR\n    echo \"error: The sandbox is not in sync with the Podfile.lock. Run 'pod install' or update your CocoaPods installation.\" >&2\n    exit 1\nfi\n# This output is used by Xcode 'outputs' to avoid re-running this script phase.\necho \"SUCCESS\" > \"${SCRIPT_OUTPUT_FILE_0}\"\n";
			showEnvVarsInLog = 0;
		};
/* End PBXShellScriptBuildPhase section */

/* Begin PBXSourcesBuildPhase section */
		50D014DC21A09451000CA4C8 /* Sources */ = {
			isa = PBXSourcesBuildPhase;
			buildActionMask = 2147483647;
			files = (
				50D014E621A09451000CA4C8 /* ViewController.swift in Sources */,
				50D014E421A09451000CA4C8 /* AppDelegate.swift in Sources */,
			);
			runOnlyForDeploymentPostprocessing = 0;
		};
		50D014F021A09451000CA4C8 /* Sources */ = {
			isa = PBXSourcesBuildPhase;
			buildActionMask = 2147483647;
			files = (
				50D014F921A09451000CA4C8 /* URLSessionMockerSampleTests.swift in Sources */,
			);
			runOnlyForDeploymentPostprocessing = 0;
		};
		50D014FB21A09451000CA4C8 /* Sources */ = {
			isa = PBXSourcesBuildPhase;
			buildActionMask = 2147483647;
			files = (
				50D0150421A09451000CA4C8 /* URLSessionMockerSampleUITests.swift in Sources */,
			);
			runOnlyForDeploymentPostprocessing = 0;
		};
/* End PBXSourcesBuildPhase section */

/* Begin PBXTargetDependency section */
		50D014F621A09451000CA4C8 /* PBXTargetDependency */ = {
			isa = PBXTargetDependency;
			target = 50D014DF21A09451000CA4C8 /* URLSessionMockerSample */;
			targetProxy = 50D014F521A09451000CA4C8 /* PBXContainerItemProxy */;
		};
		50D0150121A09451000CA4C8 /* PBXTargetDependency */ = {
			isa = PBXTargetDependency;
			target = 50D014DF21A09451000CA4C8 /* URLSessionMockerSample */;
			targetProxy = 50D0150021A09451000CA4C8 /* PBXContainerItemProxy */;
		};
/* End PBXTargetDependency section */

/* Begin PBXVariantGroup section */
		50D014E721A09451000CA4C8 /* Main.storyboard */ = {
			isa = PBXVariantGroup;
			children = (
				50D014E821A09451000CA4C8 /* Base */,
			);
			name = Main.storyboard;
			sourceTree = "<group>";
		};
		50D014EC21A09451000CA4C8 /* LaunchScreen.storyboard */ = {
			isa = PBXVariantGroup;
			children = (
				50D014ED21A09451000CA4C8 /* Base */,
			);
			name = LaunchScreen.storyboard;
			sourceTree = "<group>";
		};
/* End PBXVariantGroup section */

/* Begin XCBuildConfiguration section */
		50D0150621A09451000CA4C8 /* Debug */ = {
			isa = XCBuildConfiguration;
			buildSettings = {
				ALWAYS_SEARCH_USER_PATHS = NO;
				CLANG_ANALYZER_NONNULL = YES;
				CLANG_ANALYZER_NUMBER_OBJECT_CONVERSION = YES_AGGRESSIVE;
				CLANG_CXX_LANGUAGE_STANDARD = "gnu++14";
				CLANG_CXX_LIBRARY = "libc++";
				CLANG_ENABLE_MODULES = YES;
				CLANG_ENABLE_OBJC_ARC = YES;
				CLANG_ENABLE_OBJC_WEAK = YES;
				CLANG_WARN_BLOCK_CAPTURE_AUTORELEASING = YES;
				CLANG_WARN_BOOL_CONVERSION = YES;
				CLANG_WARN_COMMA = YES;
				CLANG_WARN_CONSTANT_CONVERSION = YES;
				CLANG_WARN_DEPRECATED_OBJC_IMPLEMENTATIONS = YES;
				CLANG_WARN_DIRECT_OBJC_ISA_USAGE = YES_ERROR;
				CLANG_WARN_DOCUMENTATION_COMMENTS = YES;
				CLANG_WARN_EMPTY_BODY = YES;
				CLANG_WARN_ENUM_CONVERSION = YES;
				CLANG_WARN_INFINITE_RECURSION = YES;
				CLANG_WARN_INT_CONVERSION = YES;
				CLANG_WARN_NON_LITERAL_NULL_CONVERSION = YES;
				CLANG_WARN_OBJC_IMPLICIT_RETAIN_SELF = YES;
				CLANG_WARN_OBJC_LITERAL_CONVERSION = YES;
				CLANG_WARN_OBJC_ROOT_CLASS = YES_ERROR;
				CLANG_WARN_RANGE_LOOP_ANALYSIS = YES;
				CLANG_WARN_STRICT_PROTOTYPES = YES;
				CLANG_WARN_SUSPICIOUS_MOVE = YES;
				CLANG_WARN_UNGUARDED_AVAILABILITY = YES_AGGRESSIVE;
				CLANG_WARN_UNREACHABLE_CODE = YES;
				CLANG_WARN__DUPLICATE_METHOD_MATCH = YES;
				CODE_SIGN_IDENTITY = "iPhone Developer";
				COPY_PHASE_STRIP = NO;
				DEBUG_INFORMATION_FORMAT = dwarf;
				ENABLE_STRICT_OBJC_MSGSEND = YES;
				ENABLE_TESTABILITY = YES;
				GCC_C_LANGUAGE_STANDARD = gnu11;
				GCC_DYNAMIC_NO_PIC = NO;
				GCC_NO_COMMON_BLOCKS = YES;
				GCC_OPTIMIZATION_LEVEL = 0;
				GCC_PREPROCESSOR_DEFINITIONS = (
					"DEBUG=1",
					"$(inherited)",
				);
				GCC_WARN_64_TO_32_BIT_CONVERSION = YES;
				GCC_WARN_ABOUT_RETURN_TYPE = YES_ERROR;
				GCC_WARN_UNDECLARED_SELECTOR = YES;
				GCC_WARN_UNINITIALIZED_AUTOS = YES_AGGRESSIVE;
				GCC_WARN_UNUSED_FUNCTION = YES;
				GCC_WARN_UNUSED_VARIABLE = YES;
				IPHONEOS_DEPLOYMENT_TARGET = 10.0;
				MTL_ENABLE_DEBUG_INFO = INCLUDE_SOURCE;
				MTL_FAST_MATH = YES;
				ONLY_ACTIVE_ARCH = YES;
				SDKROOT = iphoneos;
				SWIFT_ACTIVE_COMPILATION_CONDITIONS = DEBUG;
				SWIFT_OPTIMIZATION_LEVEL = "-Onone";
			};
			name = Debug;
		};
		50D0150721A09451000CA4C8 /* Release */ = {
			isa = XCBuildConfiguration;
			buildSettings = {
				ALWAYS_SEARCH_USER_PATHS = NO;
				CLANG_ANALYZER_NONNULL = YES;
				CLANG_ANALYZER_NUMBER_OBJECT_CONVERSION = YES_AGGRESSIVE;
				CLANG_CXX_LANGUAGE_STANDARD = "gnu++14";
				CLANG_CXX_LIBRARY = "libc++";
				CLANG_ENABLE_MODULES = YES;
				CLANG_ENABLE_OBJC_ARC = YES;
				CLANG_ENABLE_OBJC_WEAK = YES;
				CLANG_WARN_BLOCK_CAPTURE_AUTORELEASING = YES;
				CLANG_WARN_BOOL_CONVERSION = YES;
				CLANG_WARN_COMMA = YES;
				CLANG_WARN_CONSTANT_CONVERSION = YES;
				CLANG_WARN_DEPRECATED_OBJC_IMPLEMENTATIONS = YES;
				CLANG_WARN_DIRECT_OBJC_ISA_USAGE = YES_ERROR;
				CLANG_WARN_DOCUMENTATION_COMMENTS = YES;
				CLANG_WARN_EMPTY_BODY = YES;
				CLANG_WARN_ENUM_CONVERSION = YES;
				CLANG_WARN_INFINITE_RECURSION = YES;
				CLANG_WARN_INT_CONVERSION = YES;
				CLANG_WARN_NON_LITERAL_NULL_CONVERSION = YES;
				CLANG_WARN_OBJC_IMPLICIT_RETAIN_SELF = YES;
				CLANG_WARN_OBJC_LITERAL_CONVERSION = YES;
				CLANG_WARN_OBJC_ROOT_CLASS = YES_ERROR;
				CLANG_WARN_RANGE_LOOP_ANALYSIS = YES;
				CLANG_WARN_STRICT_PROTOTYPES = YES;
				CLANG_WARN_SUSPICIOUS_MOVE = YES;
				CLANG_WARN_UNGUARDED_AVAILABILITY = YES_AGGRESSIVE;
				CLANG_WARN_UNREACHABLE_CODE = YES;
				CLANG_WARN__DUPLICATE_METHOD_MATCH = YES;
				CODE_SIGN_IDENTITY = "iPhone Developer";
				COPY_PHASE_STRIP = NO;
				DEBUG_INFORMATION_FORMAT = "dwarf-with-dsym";
				ENABLE_NS_ASSERTIONS = NO;
				ENABLE_STRICT_OBJC_MSGSEND = YES;
				GCC_C_LANGUAGE_STANDARD = gnu11;
				GCC_NO_COMMON_BLOCKS = YES;
				GCC_WARN_64_TO_32_BIT_CONVERSION = YES;
				GCC_WARN_ABOUT_RETURN_TYPE = YES_ERROR;
				GCC_WARN_UNDECLARED_SELECTOR = YES;
				GCC_WARN_UNINITIALIZED_AUTOS = YES_AGGRESSIVE;
				GCC_WARN_UNUSED_FUNCTION = YES;
				GCC_WARN_UNUSED_VARIABLE = YES;
				IPHONEOS_DEPLOYMENT_TARGET = 10.0;
				MTL_ENABLE_DEBUG_INFO = NO;
				MTL_FAST_MATH = YES;
				SDKROOT = iphoneos;
				SWIFT_COMPILATION_MODE = wholemodule;
				SWIFT_OPTIMIZATION_LEVEL = "-O";
				VALIDATE_PRODUCT = YES;
			};
			name = Release;
		};
		50D0150921A09451000CA4C8 /* Debug */ = {
			isa = XCBuildConfiguration;
			baseConfigurationReference = 011A6570838E79D72A77E1AB /* Pods-URLSessionMockerSample.debug.xcconfig */;
			buildSettings = {
				ASSETCATALOG_COMPILER_APPICON_NAME = AppIcon;
				CODE_SIGN_STYLE = Automatic;
				INFOPLIST_FILE = URLSessionMockerSample/Info.plist;
				LD_RUNPATH_SEARCH_PATHS = (
					"$(inherited)",
					"@executable_path/Frameworks",
				);
				PRODUCT_BUNDLE_IDENTIFIER = com.chiramattel.ann.URLSessionMockerSample;
				PRODUCT_NAME = "$(TARGET_NAME)";
				SWIFT_VERSION = 4.2;
				TARGETED_DEVICE_FAMILY = "1,2";
			};
			name = Debug;
		};
		50D0150A21A09451000CA4C8 /* Release */ = {
			isa = XCBuildConfiguration;
			baseConfigurationReference = EBCC8538480255B11F06B34A /* Pods-URLSessionMockerSample.release.xcconfig */;
			buildSettings = {
				ASSETCATALOG_COMPILER_APPICON_NAME = AppIcon;
				CODE_SIGN_STYLE = Automatic;
				INFOPLIST_FILE = URLSessionMockerSample/Info.plist;
				LD_RUNPATH_SEARCH_PATHS = (
					"$(inherited)",
					"@executable_path/Frameworks",
				);
				PRODUCT_BUNDLE_IDENTIFIER = com.chiramattel.ann.URLSessionMockerSample;
				PRODUCT_NAME = "$(TARGET_NAME)";
				SWIFT_VERSION = 4.2;
				TARGETED_DEVICE_FAMILY = "1,2";
			};
			name = Release;
		};
		50D0150C21A09451000CA4C8 /* Debug */ = {
			isa = XCBuildConfiguration;
			baseConfigurationReference = BF06ECDD780A29CD609AA2BF /* Pods-URLSessionMockerSampleTests.debug.xcconfig */;
			buildSettings = {
				BUNDLE_LOADER = "$(TEST_HOST)";
				CODE_SIGN_STYLE = Automatic;
				INFOPLIST_FILE = URLSessionMockerSampleTests/Info.plist;
				LD_RUNPATH_SEARCH_PATHS = (
					"$(inherited)",
					"@executable_path/Frameworks",
					"@loader_path/Frameworks",
				);
				PRODUCT_BUNDLE_IDENTIFIER = com.chiramattel.ann.URLSessionMockerSampleTests;
				PRODUCT_NAME = "$(TARGET_NAME)";
				SWIFT_VERSION = 4.2;
				TARGETED_DEVICE_FAMILY = "1,2";
				TEST_HOST = "$(BUILT_PRODUCTS_DIR)/URLSessionMockerSample.app/URLSessionMockerSample";
			};
			name = Debug;
		};
		50D0150D21A09451000CA4C8 /* Release */ = {
			isa = XCBuildConfiguration;
			baseConfigurationReference = 73134D33189AFB7D180B9D2A /* Pods-URLSessionMockerSampleTests.release.xcconfig */;
			buildSettings = {
				BUNDLE_LOADER = "$(TEST_HOST)";
				CODE_SIGN_STYLE = Automatic;
				INFOPLIST_FILE = URLSessionMockerSampleTests/Info.plist;
				LD_RUNPATH_SEARCH_PATHS = (
					"$(inherited)",
					"@executable_path/Frameworks",
					"@loader_path/Frameworks",
				);
				PRODUCT_BUNDLE_IDENTIFIER = com.chiramattel.ann.URLSessionMockerSampleTests;
				PRODUCT_NAME = "$(TARGET_NAME)";
				SWIFT_VERSION = 4.2;
				TARGETED_DEVICE_FAMILY = "1,2";
				TEST_HOST = "$(BUILT_PRODUCTS_DIR)/URLSessionMockerSample.app/URLSessionMockerSample";
			};
			name = Release;
		};
		50D0150F21A09451000CA4C8 /* Debug */ = {
			isa = XCBuildConfiguration;
			baseConfigurationReference = C72EB2AD28194D386F1122AF /* Pods-URLSessionMockerSampleUITests.debug.xcconfig */;
			buildSettings = {
				CODE_SIGN_STYLE = Automatic;
				INFOPLIST_FILE = URLSessionMockerSampleUITests/Info.plist;
				LD_RUNPATH_SEARCH_PATHS = (
					"$(inherited)",
					"@executable_path/Frameworks",
					"@loader_path/Frameworks",
				);
				PRODUCT_BUNDLE_IDENTIFIER = com.chiramattel.ann.URLSessionMockerSampleUITests;
				PRODUCT_NAME = "$(TARGET_NAME)";
				SWIFT_VERSION = 4.2;
				TARGETED_DEVICE_FAMILY = "1,2";
				TEST_TARGET_NAME = URLSessionMockerSample;
			};
			name = Debug;
		};
		50D0151021A09451000CA4C8 /* Release */ = {
			isa = XCBuildConfiguration;
			baseConfigurationReference = 3EB6A5098ED85B296A00EC66 /* Pods-URLSessionMockerSampleUITests.release.xcconfig */;
			buildSettings = {
				CODE_SIGN_STYLE = Automatic;
				INFOPLIST_FILE = URLSessionMockerSampleUITests/Info.plist;
				LD_RUNPATH_SEARCH_PATHS = (
					"$(inherited)",
					"@executable_path/Frameworks",
					"@loader_path/Frameworks",
				);
				PRODUCT_BUNDLE_IDENTIFIER = com.chiramattel.ann.URLSessionMockerSampleUITests;
				PRODUCT_NAME = "$(TARGET_NAME)";
				SWIFT_VERSION = 4.2;
				TARGETED_DEVICE_FAMILY = "1,2";
				TEST_TARGET_NAME = URLSessionMockerSample;
			};
			name = Release;
		};
/* End XCBuildConfiguration section */

/* Begin XCConfigurationList section */
		50D014DB21A09451000CA4C8 /* Build configuration list for PBXProject "URLSessionMockerSample" */ = {
			isa = XCConfigurationList;
			buildConfigurations = (
				50D0150621A09451000CA4C8 /* Debug */,
				50D0150721A09451000CA4C8 /* Release */,
			);
			defaultConfigurationIsVisible = 0;
			defaultConfigurationName = Release;
		};
		50D0150821A09451000CA4C8 /* Build configuration list for PBXNativeTarget "URLSessionMockerSample" */ = {
			isa = XCConfigurationList;
			buildConfigurations = (
				50D0150921A09451000CA4C8 /* Debug */,
				50D0150A21A09451000CA4C8 /* Release */,
			);
			defaultConfigurationIsVisible = 0;
			defaultConfigurationName = Release;
		};
		50D0150B21A09451000CA4C8 /* Build configuration list for PBXNativeTarget "URLSessionMockerSampleTests" */ = {
			isa = XCConfigurationList;
			buildConfigurations = (
				50D0150C21A09451000CA4C8 /* Debug */,
				50D0150D21A09451000CA4C8 /* Release */,
			);
			defaultConfigurationIsVisible = 0;
			defaultConfigurationName = Release;
		};
		50D0150E21A09451000CA4C8 /* Build configuration list for PBXNativeTarget "URLSessionMockerSampleUITests" */ = {
			isa = XCConfigurationList;
			buildConfigurations = (
				50D0150F21A09451000CA4C8 /* Debug */,
				50D0151021A09451000CA4C8 /* Release */,
			);
			defaultConfigurationIsVisible = 0;
			defaultConfigurationName = Release;
		};
/* End XCConfigurationList section */
	};
	rootObject = 50D014D821A09451000CA4C8 /* Project object */;
}
